version = 1
revision = 3
requires-python = ">=3.14.3"

[[package]]
name = "bench"
version = "0.0.0"
source = { editable = "." }
dependencies = [
    { name = "cityhash" },
    { name = "gxhash" },
    { name = "metrohash" },
    { name = "mmh3" },
    { name = "polars" },
    { name = "stringzilla" },
    { name = "xxhash" },
]

[package.dev-dependencies]
dev = [
    { name = "nodejs-wheel-binaries" },
    { name = "pyright" },
    { name = "ruff" },
    { name = "ty" },
]

[package.metadata]
requires-dist = [
    { name = "cityhash", specifier = ">=0.4.10" },
    { name = "gxhash", directory = "../" },
    { name = "metrohash", specifier = ">=0.4.1" },
    { name = "mmh3", specifier = ">=5.2.1" },
    { name = "polars", specifier = ">=1.39.3" },
    { name = "stringzilla", specifier = ">=4.6.0" },
    { name = "xxhash", specifier = ">=3.6.0" },
]

[package.metadata.requires-dev]
dev = [
    { name = "nodejs-wheel-binaries", specifier = ">=24.14.0" },
    { name = "pyright", specifier = ">=1.1.408" },
    { name = "ruff", specifier = ">=0.15.8" },
    { name = "ty", specifier = ">=0.0.26" },
]

[[package]]
name = "cityhash"
version = "0.4.10"
source = { registry = "https://pypi.org/simple" }
sdist = { url = "https://files.pythonhosted.org/packages/1f/29/06f572448a407cbcc6565b4568086da70552a74a850ef20c9c73f1cbbf81/cityhash-0.4.10.tar.gz", hash = "sha256:7e35da9aaf5fcf91da3fea23405874db55ffa58b1abc441d39cce0c8704a9c15", size = 274911, upload-time = "2025-10-09T21:57:51.795Z" }

[[package]]
name = "gxhash"
source = { directory = "../" }

[package.metadata]

[package.metadata.requires-dev]
dev = [
    { name = "commitizen", specifier = ">=3.31.0" },
    { name = "maturin", specifier = ">=1.12.0" },
    { name = "nodejs-wheel-binaries", specifier = ">=24.13.1" },
    { name = "prek", specifier = ">=0.3.3" },
    { name = "pyright", specifier = ">=1.1.408" },
    { name = "pytest", specifier = ">=8.3.5" },
    { name = "pytest-asyncio", specifier = ">=0.24.0" },
    { name = "pytest-doctestplus", specifier = ">=1.3.0" },
    { name = "ruff", specifier = ">=0.15.1" },
    { name = "taplo", specifier = ">=0.9.3" },
    { name = "ty", specifier = ">=0.0.24" },
]

[[package]]
name = "metrohash"
version = "0.4.1"
source = { registry = "https://pypi.org/simple" }
sdist = { url = "https://files.pythonhosted.org/packages/4f/e4/3ed1cb13b16a728627d813435c854ab1bed1d981e51c5ea3b59ddc6aa6e0/metrohash-0.4.1.tar.gz", hash = "sha256:f15d9deb2b9693b2e9dbfc702c5c1c68d51d6df73ad1abbb858f981596708f0c", size = 84977, upload-time = "2025-10-09T21:57:16.11Z" }

[[package]]
name = "mmh3"
version = "5.2.1"
source = { registry = "https://pypi.org/simple" }
sdist = { url = "https://files.pythonhosted.org/packages/91/1a/edb23803a168f070ded7a3014c6d706f63b90c84ccc024f89d794a3b7a6d/mmh3-5.2.1.tar.gz", hash = "sha256:bbea5b775f0ac84945191fb83f845a6fd9a21a03ea7f2e187defac7e401616ad", size = 33775, upload-time = "2026-03-05T15:55:57.716Z" }
wheels = [
    { url = "https://files.pythonhosted.org/packages/63/b4/65bc1fb2bb7f83e91c30865023b1847cf89a5f237165575e8c83aa536584/mmh3-5.2.1-cp314-cp314-android_24_arm64_v8a.whl", hash = "sha256:d771f085fcdf4035786adfb1d8db026df1eb4b41dac1c3d070d1e49512843227", size = 40794, upload-time = "2026-03-05T15:55:09.773Z" },
    { url = "https://files.pythonhosted.org/packages/c4/86/7168b3d83be8eb553897b1fac9da8bbb06568e5cfe555ffc329ebb46f59d/mmh3-5.2.1-cp314-cp314-android_24_x86_64.whl", hash = "sha256:7f196cd7910d71e9d9860da0ff7a77f64d22c1ad931f1dd18559a06e03109fc0", size = 41923, upload-time = "2026-03-05T15:55:10.924Z" },
    { url = "https://files.pythonhosted.org/packages/bf/9b/b653ab611c9060ce8ff0ba25c0226757755725e789292f3ca138a58082cd/mmh3-5.2.1-cp314-cp314-ios_13_0_arm64_iphoneos.whl", hash = "sha256:b1f12bd684887a0a5d55e6363ca87056f361e45451105012d329b86ec19dbe0b", size = 39131, upload-time = "2026-03-05T15:55:11.961Z" },
    { url = "https://files.pythonhosted.org/packages/9b/b4/5a2e0d34ab4d33543f01121e832395ea510132ea8e52cdf63926d9d81754/mmh3-5.2.1-cp314-cp314-ios_13_0_arm64_iphonesimulator.whl", hash = "sha256:d106493a60dcb4aef35a0fac85105e150a11cf8bc2b0d388f5a33272d756c966", size = 39825, upload-time = "2026-03-05T15:55:13.013Z" },
    { url = "https://files.pythonhosted.org/packages/bd/69/81699a8f39a3f8d368bec6443435c0c392df0d200ad915bf0d222b588e03/mmh3-5.2.1-cp314-cp314-ios_13_0_x86_64_iphonesimulator.whl", hash = "sha256:44983e45310ee5b9f73397350251cdf6e63a466406a105f1d16cb5baa659270b", size = 40344, upload-time = "2026-03-05T15:55:14.026Z" },
    { url = "https://files.pythonhosted.org/packages/0c/b3/71c8c775807606e8fd8acc5c69016e1caf3200d50b50b6dd4b40ce10b76c/mmh3-5.2.1-cp314-cp314-macosx_10_15_universal2.whl", hash = "sha256:368625fb01666655985391dbad3860dc0ba7c0d6b9125819f3121ee7292b4ac8", size = 56291, upload-time = "2026-03-05T15:55:15.137Z" },
    { url = "https://files.pythonhosted.org/packages/6f/75/2c24517d4b2ce9e4917362d24f274d3d541346af764430249ddcc4cb3a08/mmh3-5.2.1-cp314-cp314-macosx_10_15_x86_64.whl", hash = "sha256:72d1cc63bcc91e14933f77d51b3df899d6a07d184ec515ea7f56bff659e124d7", size = 40575, upload-time = "2026-03-05T15:55:16.518Z" },
    { url = "https://files.pythonhosted.org/packages/bf/b9/e4a360164365ac9f07a25f0f7928e3a66eb9ecc989384060747aa170e6aa/mmh3-5.2.1-cp314-cp314-macosx_11_0_arm64.whl", hash = "sha256:e8b4b5580280b9265af3e0409974fb79c64cf7523632d03fbf11df18f8b0181e", size = 40052, upload-time = "2026-03-05T15:55:17.735Z" },
    { url = "https://files.pythonhosted.org/packages/97/ca/120d92223a7546131bbbc31c9174168ee7a73b1366f5463ffe69d9e691fe/mmh3-5.2.1-cp314-cp314-manylinux1_i686.manylinux_2_28_i686.manylinux_2_5_i686.whl", hash = "sha256:4cbbde66f1183db040daede83dd86c06d663c5bb2af6de1142b7c8c37923dd74", size = 97311, upload-time = "2026-03-05T15:55:18.959Z" },
    { url = "https://files.pythonhosted.org/packages/b6/71/c1a60c1652b8813ef9de6d289784847355417ee0f2980bca002fe87f4ae5/mmh3-5.2.1-cp314-cp314-manylinux1_x86_64.manylinux_2_28_x86_64.manylinux_2_5_x86_64.whl", hash = "sha256:8ff038d52ef6aa0f309feeba00c5095c9118d0abf787e8e8454d6048db2037fc", size = 103279, upload-time = "2026-03-05T15:55:20.448Z" },
    { url = "https://files.pythonhosted.org/packages/48/29/ad97f4be1509cdcb28ae32c15593ce7c415db47ace37f8fad35b493faa9a/mmh3-5.2.1-cp314-cp314-manylinux2014_aarch64.manylinux_2_17_aarch64.manylinux_2_28_aarch64.whl", hash = "sha256:a4130d0b9ce5fad6af07421b1aecc7e079519f70d6c05729ab871794eded8617", size = 106290, upload-time = "2026-03-05T15:55:21.6Z" },
    { url = "https://files.pythonhosted.org/packages/77/29/1f86d22e281bd8827ba373600a4a8b0c0eae5ca6aa55b9a8c26d2a34decc/mmh3-5.2.1-cp314-cp314-manylinux2014_ppc64le.manylinux_2_17_ppc64le.manylinux_2_28_ppc64le.whl", hash = "sha256:f6e0bfe77d238308839699944164b96a2eeccaf55f2af400f54dc20669d8d5f2", size = 113116, upload-time = "2026-03-05T15:55:22.826Z" },
    { url = "https://files.pythonhosted.org/packages/a7/7c/339971ea7ed4c12d98f421f13db3ea576a9114082ccb59d2d1a0f00ccac1/mmh3-5.2.1-cp314-cp314-manylinux2014_s390x.manylinux_2_17_s390x.manylinux_2_28_s390x.whl", hash = "sha256:f963eafc0a77a6c0562397da004f5876a9bcf7265a7bcc3205e29636bc4a1312", size = 120740, upload-time = "2026-03-05T15:55:24.3Z" },
    { url = "https://files.pythonhosted.org/packages/e4/92/3c7c4bdb8e926bb3c972d1e2907d77960c1c4b250b41e8366cf20c6e4373/mmh3-5.2.1-cp314-cp314-musllinux_1_2_aarch64.whl", hash = "sha256:92883836caf50d5255be03d988d75bc93e3f86ba247b7ca137347c323f731deb", size = 99143, upload-time = "2026-03-05T15:55:25.456Z" },
    { url = "https://files.pythonhosted.org/packages/df/0a/33dd8706e732458c8375eae63c981292de07a406bad4ec03e5269654aa2c/mmh3-5.2.1-cp314-cp314-musllinux_1_2_i686.whl", hash = "sha256:57b52603e89355ff318025dd55158f6e71396c0f1f609d548e9ea9c94cc6ce0a", size = 98703, upload-time = "2026-03-05T15:55:26.723Z" },
    { url = "https://files.pythonhosted.org/packages/51/04/76bbce05df76cbc3d396f13b2ea5b1578ef02b6a5187e132c6c33f99d596/mmh3-5.2.1-cp314-cp314-musllinux_1_2_ppc64le.whl", hash = "sha256:f40a95186a72fa0b67d15fef0f157bfcda00b4f59c8a07cbe5530d41ac35d105", size = 106484, upload-time = "2026-03-05T15:55:28.214Z" },
    { url = "https://files.pythonhosted.org/packages/d3/8f/c6e204a2c70b719c1f62ffd9da27aef2dddcba875ea9c31ca0e87b975a46/mmh3-5.2.1-cp314-cp314-musllinux_1_2_s390x.whl", hash = "sha256:58370d05d033ee97224c81263af123dea3d931025030fd34b61227a768a8858a", size = 110012, upload-time = "2026-03-05T15:55:29.532Z" },
    { url = "https://files.pythonhosted.org/packages/e3/37/7181efd8e39db386c1ebc3e6b7d1f702a09d7c1197a6f2742ed6b5c16597/mmh3-5.2.1-cp314-cp314-musllinux_1_2_x86_64.whl", hash = "sha256:7be6dfb49e48fd0a7d91ff758a2b51336f1cd21f9d44b20f6801f072bd080cdd", size = 97508, upload-time = "2026-03-05T15:55:31.01Z" },
    { url = "https://files.pythonhosted.org/packages/42/0f/afa7ca2615fd85e1469474bb860e381443d0b868c083b62b41cb1d7ca32f/mmh3-5.2.1-cp314-cp314-win32.whl", hash = "sha256:54fe8518abe06a4c3852754bfd498b30cc58e667f376c513eac89a244ce781a4", size = 41387, upload-time = "2026-03-05T15:55:32.403Z" },
    { url = "https://files.pythonhosted.org/packages/71/0d/46d42a260ee1357db3d486e6c7a692e303c017968e14865e00efa10d09fc/mmh3-5.2.1-cp314-cp314-win_amd64.whl", hash = "sha256:3f796b535008708846044c43302719c6956f39ca2d93f2edda5319e79a29efbb", size = 42101, upload-time = "2026-03-05T15:55:33.646Z" },
    { url = "https://files.pythonhosted.org/packages/a4/7b/848a8378059d96501a41159fca90d6a99e89736b0afbe8e8edffeac8c74b/mmh3-5.2.1-cp314-cp314-win_arm64.whl", hash = "sha256:cd471ede0d802dd936b6fab28188302b2d497f68436025857ca72cd3810423fe", size = 39836, upload-time = "2026-03-05T15:55:35.026Z" },
    { url = "https://files.pythonhosted.org/packages/27/61/1dabea76c011ba8547c25d30c91c0ec22544487a8750997a27a0c9e1180b/mmh3-5.2.1-cp314-cp314t-macosx_10_15_universal2.whl", hash = "sha256:5174a697ce042fa77c407e05efe41e03aa56dae9ec67388055820fb48cf4c3ba", size = 57727, upload-time = "2026-03-05T15:55:36.162Z" },
    { url = "https://files.pythonhosted.org/packages/b7/32/731185950d1cf2d5e28979cc8593016ba1619a295faba10dda664a4931b5/mmh3-5.2.1-cp314-cp314t-macosx_10_15_x86_64.whl", hash = "sha256:0a3984146e414684a6be2862d84fcb1035f4984851cb81b26d933bab6119bf00", size = 41308, upload-time = "2026-03-05T15:55:37.254Z" },
    { url = "https://files.pythonhosted.org/packages/76/aa/66c76801c24b8c9418b4edde9b5e57c75e72c94e29c48f707e3962534f18/mmh3-5.2.1-cp314-cp314t-macosx_11_0_arm64.whl", hash = "sha256:bd6e7d363aa93bd3421b30b6af97064daf47bc96005bddba67c5ffbc6df426b8", size = 40758, upload-time = "2026-03-05T15:55:38.61Z" },
    { url = "https://files.pythonhosted.org/packages/9e/bb/79a1f638a02f0ae389f706d13891e2fbf7d8c0a22ecde67ba828951bb60a/mmh3-5.2.1-cp314-cp314t-manylinux1_i686.manylinux_2_28_i686.manylinux_2_5_i686.whl", hash = "sha256:113f78e7463a36dbbcea05bfe688efd7fa759d0f0c56e73c974d60dcfec3dfcc", size = 109670, upload-time = "2026-03-05T15:55:40.13Z" },
    { url = "https://files.pythonhosted.org/packages/26/94/8cd0e187a288985bcfc79bf5144d1d712df9dee74365f59d26e3a1865be6/mmh3-5.2.1-cp314-cp314t-manylinux1_x86_64.manylinux_2_28_x86_64.manylinux_2_5_x86_64.whl", hash = "sha256:7e8ec5f606e0809426d2440e0683509fb605a8820a21ebd120dcdba61b74ef7f", size = 117399, upload-time = "2026-03-05T15:55:42.076Z" },
    { url = "https://files.pythonhosted.org/packages/42/94/dfea6059bd5c5beda565f58a4096e43f4858fb6d2862806b8bbd12cbb284/mmh3-5.2.1-cp314-cp314t-manylinux2014_aarch64.manylinux_2_17_aarch64.manylinux_2_28_aarch64.whl", hash = "sha256:22b0f9971ec4e07e8223f2beebe96a6cfc779d940b6f27d26604040dd74d3a44", size = 120386, upload-time = "2026-03-05T15:55:43.481Z" },
    { url = "https://files.pythonhosted.org/packages/47/cb/f9c45e62aaa67220179f487772461d891bb582bb2f9783c944832c60efd9/mmh3-5.2.1-cp314-cp314t-manylinux2014_ppc64le.manylinux_2_17_ppc64le.manylinux_2_28_ppc64le.whl", hash = "sha256:85ffc9920ffc39c5eee1e3ac9100c913a0973996fbad5111f939bbda49204bb7", size = 125924, upload-time = "2026-03-05T15:55:44.638Z" },
    { url = "https://files.pythonhosted.org/packages/a5/83/fe54a4a7c11bc9f623dfc1707decd034245602b076dfc1dcc771a4163170/mmh3-5.2.1-cp314-cp314t-manylinux2014_s390x.manylinux_2_17_s390x.manylinux_2_28_s390x.whl", hash = "sha256:7aec798c2b01aaa65a55f1124f3405804184373abb318a3091325aece235f67c", size = 135280, upload-time = "2026-03-05T15:55:45.866Z" },
    { url = "https://files.pythonhosted.org/packages/97/67/fe7e9e9c143daddd210cd22aef89cbc425d58ecf238d2b7d9eb0da974105/mmh3-5.2.1-cp314-cp314t-musllinux_1_2_aarch64.whl", hash = "sha256:55dbbd8ffbc40d1697d5e2d0375b08599dae8746b0b08dea05eee4ce81648fac", size = 110050, upload-time = "2026-03-05T15:55:47.074Z" },
    { url = "https://files.pythonhosted.org/packages/43/c4/6d4b09fcbef80794de447c9378e39eefc047156b290fa3dd2d5257ca8227/mmh3-5.2.1-cp314-cp314t-musllinux_1_2_i686.whl", hash = "sha256:6c85c38a279ca9295a69b9b088a2e48aa49737bb1b34e6a9dc6297c110e8d912", size = 111158, upload-time = "2026-03-05T15:55:48.239Z" },
    { url = "https://files.pythonhosted.org/packages/81/a6/ca51c864bdb30524beb055a6d8826db3906af0834ec8c41d097a6e8573d5/mmh3-5.2.1-cp314-cp314t-musllinux_1_2_ppc64le.whl", hash = "sha256:6290289fa5fb4c70fd7f72016e03633d60388185483ff3b162912c81205ae2cf", size = 116890, upload-time = "2026-03-05T15:55:49.405Z" },
    { url = "https://files.pythonhosted.org/packages/cc/04/5a1fe2e2ad843d03e89af25238cbc4f6840a8bb6c4329a98ab694c71deda/mmh3-5.2.1-cp314-cp314t-musllinux_1_2_s390x.whl", hash = "sha256:4fc6cd65dc4d2fdb2625e288939a3566e36127a84811a4913f02f3d5931da52d", size = 123121, upload-time = "2026-03-05T15:55:50.61Z" },
    { url = "https://files.pythonhosted.org/packages/af/4d/3c820c6f4897afd25905270a9f2330a23f77a207ea7356f7aadace7273c0/mmh3-5.2.1-cp314-cp314t-musllinux_1_2_x86_64.whl", hash = "sha256:623f938f6a039536cc02b7582a07a080f13fdfd48f87e63201d92d7e34d09a18", size = 110187, upload-time = "2026-03-05T15:55:52.143Z" },
    { url = "https://files.pythonhosted.org/packages/21/54/1d71cd143752361c0aebef16ad3f55926a6faf7b112d355745c1f8a25f7f/mmh3-5.2.1-cp314-cp314t-win32.whl", hash = "sha256:29bc3973676ae334412efdd367fcd11d036b7be3efc1ce2407ef8676dabfeb82", size = 41934, upload-time = "2026-03-05T15:55:53.564Z" },
    { url = "https://files.pythonhosted.org/packages/9d/e4/63a2a88f31d93dea03947cccc2a076946857e799ea4f7acdecbf43b324aa/mmh3-5.2.1-cp314-cp314t-win_amd64.whl", hash = "sha256:28cfab66577000b9505a0d068c731aee7ca85cd26d4d63881fab17857e0fe1fb", size = 43036, upload-time = "2026-03-05T15:55:55.252Z" },
    { url = "https://files.pythonhosted.org/packages/a0/0f/59204bf136d1201f8d7884cfbaf7498c5b4674e87a4c693f9bde63741ce1/mmh3-5.2.1-cp314-cp314t-win_arm64.whl", hash = "sha256:dfd51b4c56b673dfbc43d7d27ef857dd91124801e2806c69bb45585ce0fa019b", size = 40391, upload-time = "2026-03-05T15:55:56.697Z" },
]

[[package]]
name = "nodeenv"
version = "1.10.0"
source = { registry = "https://pypi.org/simple" }
sdist = { url = "https://files.pythonhosted.org/packages/24/bf/d1bda4f6168e0b2e9e5958945e01910052158313224ada5ce1fb2e1113b8/nodeenv-1.10.0.tar.gz", hash = "sha256:996c191ad80897d076bdfba80a41994c2b47c68e224c542b48feba42ba00f8bb", size = 55611, upload-time = "2025-12-20T14:08:54.006Z" }
wheels = [
    { url = "https://files.pythonhosted.org/packages/88/b2/d0896bdcdc8d28a7fc5717c305f1a861c26e18c05047949fb371034d98bd/nodeenv-1.10.0-py2.py3-none-any.whl", hash = "sha256:5bb13e3eed2923615535339b3c620e76779af4cb4c6a90deccc9e36b274d3827", size = 23438, upload-time = "2025-12-20T14:08:52.782Z" },
]

[[package]]
name = "nodejs-wheel-binaries"
version = "24.14.0"
source = { registry = "https://pypi.org/simple" }
sdist = { url = "https://files.pythonhosted.org/packages/71/05/c75c0940b1ebf82975d14f37176679b6f3229eae8b47b6a70d1e1dae0723/nodejs_wheel_binaries-24.14.0.tar.gz", hash = "sha256:c87b515e44b0e4a523017d8c59f26ccbd05b54fe593338582825d4b51fc91e1c", size = 8057, upload-time = "2026-02-27T02:57:30.931Z" }
wheels = [
    { url = "https://files.pythonhosted.org/packages/58/8c/b057c2db3551a6fe04e93dd14e33d810ac8907891534ffcc7a051b253858/nodejs_wheel_binaries-24.14.0-py2.py3-none-macosx_13_0_arm64.whl", hash = "sha256:59bb78b8eb08c3e32186da1ef913f1c806b5473d8bd0bb4492702092747b674a", size = 54798488, upload-time = "2026-02-27T02:56:56.831Z" },
    { url = "https://files.pythonhosted.org/packages/30/88/7e1b29c067b6625c97c81eb8b0ef37cf5ad5b62bb81e23f4bde804910ec9/nodejs_wheel_binaries-24.14.0-py2.py3-none-macosx_13_0_x86_64.whl", hash = "sha256:348fa061b57625de7250d608e2d9b7c4bc170544da7e328325343860eadd59e5", size = 54972803, upload-time = "2026-02-27T02:57:01.696Z" },
    { url = "https://files.pythonhosted.org/packages/1e/e0/a83f0ff12faca2a56366462e572e38ac6f5cb361877bb29e289138eb7f24/nodejs_wheel_binaries-24.14.0-py2.py3-none-manylinux_2_28_aarch64.whl", hash = "sha256:222dbf516ccc877afcad4e4789a81b4ee93daaa9f0ad97c464417d9597f49449", size = 59340859, upload-time = "2026-02-27T02:57:06.125Z" },
    { url = "https://files.pythonhosted.org/packages/e2/9f/06fad4ae8a723ae7096b5311eba67ad8b4df5f359c0a68e366750b7fef78/nodejs_wheel_binaries-24.14.0-py2.py3-none-manylinux_2_28_x86_64.whl", hash = "sha256:b35d6fcccfe4fb0a409392d237fbc67796bac0d357b996bc12d057a1531a238b", size = 59838751, upload-time = "2026-02-27T02:57:10.449Z" },
    { url = "https://files.pythonhosted.org/packages/8c/72/4916dadc7307c3e9bcfa43b4b6f88237932d502c66f89eb2d90fb07810db/nodejs_wheel_binaries-24.14.0-py2.py3-none-musllinux_1_2_aarch64.whl", hash = "sha256:519507fb74f3f2b296ab1e9f00dcc211f36bbfb93c60229e72dcdee9dafd301a", size = 61340534, upload-time = "2026-02-27T02:57:15.309Z" },
    { url = "https://files.pythonhosted.org/packages/2e/df/a8ba881ee5d04b04e0d93abc8ce501ff7292813583e97f9789eb3fc0472a/nodejs_wheel_binaries-24.14.0-py2.py3-none-musllinux_1_2_x86_64.whl", hash = "sha256:68c93c52ff06d704bcb5ed160b4ba04ab1b291d238aaf996b03a5396e0e9a7ed", size = 61922394, upload-time = "2026-02-27T02:57:20.24Z" },
    { url = "https://files.pythonhosted.org/packages/60/8c/b8c5f61201c72a0c7dc694b459941f89a6defda85deff258a9940a4e2efc/nodejs_wheel_binaries-24.14.0-py2.py3-none-win_amd64.whl", hash = "sha256:60b83c4e98b0c7d836ac9ccb67dcb36e343691cbe62cd325799ff9ed936286f3", size = 41218783, upload-time = "2026-02-27T02:57:24.175Z" },
    { url = "https://files.pythonhosted.org/packages/91/23/1f904bc9cbd8eece393e20840c08ba3ac03440090c3a4e95168fa6d2709f/nodejs_wheel_binaries-24.14.0-py2.py3-none-win_arm64.whl", hash = "sha256:78a9bd1d6b11baf1433f9fb84962ff8aa71c87d48b6434f98224bc49a2253a6e", size = 38926103, upload-time = "2026-02-27T02:57:27.458Z" },
]

[[package]]
name = "polars"
version = "1.39.3"
source = { registry = "https://pypi.org/simple" }
dependencies = [
    { name = "polars-runtime-32" },
]
sdist = { url = "https://files.pythonhosted.org/packages/93/ab/f19e592fce9e000da49c96bf35e77cef67f9cb4b040bfa538a2764c0263e/polars-1.39.3.tar.gz", hash = "sha256:2e016c7f3e8d14fa777ef86fe0477cec6c67023a20ba4c94d6e8431eefe4a63c", size = 728987, upload-time = "2026-03-20T11:16:24.836Z" }
wheels = [
    { url = "https://files.pythonhosted.org/packages/b4/db/08f4ca10c5018813e7e0b59e4472302328b3d2ab1512f5a2157a814540e0/polars-1.39.3-py3-none-any.whl", hash = "sha256:c2b955ccc0a08a2bc9259785decf3d5c007b489b523bf2390cf21cec2bb82a56", size = 823985, upload-time = "2026-03-20T11:14:23.619Z" },
]

[[package]]
name = "polars-runtime-32"
version = "1.39.3"
source = { registry = "https://pypi.org/simple" }
sdist = { url = "https://files.pythonhosted.org/packages/17/39/c8688696bc22b6c501e3b82ef3be10e543c07a785af5660f30997cd22dd2/polars_runtime_32-1.39.3.tar.gz", hash = "sha256:c728e4f469cafab501947585f36311b8fb222d3e934c6209e83791e0df20b29d", size = 2872335, upload-time = "2026-03-20T11:16:26.581Z" }
wheels = [
    { url = "https://files.pythonhosted.org/packages/3b/74/1b41205f7368c9375ab1dea91178eaa20435fe3eff036390a53a7660b416/polars_runtime_32-1.39.3-cp310-abi3-macosx_10_12_x86_64.whl", hash = "sha256:425c0b220b573fa097b4042edff73114cc6d23432a21dfd2dc41adf329d7d2e9", size = 45273243, upload-time = "2026-03-20T11:14:26.691Z" },
    { url = "https://files.pythonhosted.org/packages/90/bf/297716b3095fe719be20fcf7af1d2b6ab069c38199bbace2469608a69b3a/polars_runtime_32-1.39.3-cp310-abi3-macosx_11_0_arm64.whl", hash = "sha256:ef5884711e3c617d7dc93519a7d038e242f5741cfe5fe9afd32d58845d86c562", size = 40842924, upload-time = "2026-03-20T11:14:31.154Z" },
    { url = "https://files.pythonhosted.org/packages/3d/3e/e65236d9d0d9babfa0ecba593413c06530fca60a8feb8f66243aa5dba92e/polars_runtime_32-1.39.3-cp310-abi3-manylinux_2_17_aarch64.manylinux2014_aarch64.whl", hash = "sha256:06b47f535eb1f97a9a1e5b0053ef50db3a4276e241178e37bbb1a38b1fa53b14", size = 43220650, upload-time = "2026-03-20T11:14:35.458Z" },
    { url = "https://files.pythonhosted.org/packages/b0/15/fc3e43f3fdf3f20b7dfb5abe871ab6162cf8fb4aeabf4cfad822d5dc4c79/polars_runtime_32-1.39.3-cp310-abi3-manylinux_2_17_x86_64.manylinux2014_x86_64.whl", hash = "sha256:8bc9e13dc1d2e828331f2fe8ccbc9757554dc4933a8d3e85e906b988178f95ed", size = 46877498, upload-time = "2026-03-20T11:14:40.14Z" },
    { url = "https://files.pythonhosted.org/packages/3c/81/bd5f895919e32c6ab0a7786cd0c0ca961cb03152c47c3645808b54383f31/polars_runtime_32-1.39.3-cp310-abi3-musllinux_1_2_aarch64.whl", hash = "sha256:363d49e3a3e638fc943e2b9887940300a7d06789930855a178a4727949259dc2", size = 43380176, upload-time = "2026-03-20T11:14:45.566Z" },
    { url = "https://files.pythonhosted.org/packages/7a/3e/c86433c3b5ec0315bdfc7640d0c15d41f1216c0103a0eab9a9b5147d6c4c/polars_runtime_32-1.39.3-cp310-abi3-musllinux_1_2_x86_64.whl", hash = "sha256:7c206bdcc7bc62ea038d6adea8e44b02f0e675e0191a54c810703b4895208ea4", size = 46485933, upload-time = "2026-03-20T11:14:51.155Z" },
    { url = "https://files.pythonhosted.org/packages/54/ce/200b310cf91f98e652eb6ea09fdb3a9718aa0293ebf113dce325797c8572/polars_runtime_32-1.39.3-cp310-abi3-win_amd64.whl", hash = "sha256:d66ca522517554a883446957539c40dc7b75eb0c2220357fb28bc8940d305339", size = 46995458, upload-time = "2026-03-20T11:14:56.074Z" },
    { url = "https://files.pythonhosted.org/packages/da/76/2d48927e0aa2abbdde08cbf4a2536883b73277d47fbeca95e952de86df34/polars_runtime_32-1.39.3-cp310-abi3-win_arm64.whl", hash = "sha256:f49f51461de63f13e5dd4eb080421c8f23f856945f3f8bd5b2b1f59da52c2860", size = 41857648, upload-time = "2026-03-20T11:15:01.142Z" },
]

[[package]]
name = "pyright"
version = "1.1.408"
source = { registry = "https://pypi.org/simple" }
dependencies = [
    { name = "nodeenv" },
    { name = "typing-extensions" },
]
sdist = { url = "https://files.pythonhosted.org/packages/74/b2/5db700e52554b8f025faa9c3c624c59f1f6c8841ba81ab97641b54322f16/pyright-1.1.408.tar.gz", hash = "sha256:f28f2321f96852fa50b5829ea492f6adb0e6954568d1caa3f3af3a5f555eb684", size = 4400578, upload-time = "2026-01-08T08:07:38.795Z" }
wheels = [
    { url = "https://files.pythonhosted.org/packages/0c/82/a2c93e32800940d9573fb28c346772a14778b84ba7524e691b324620ab89/pyright-1.1.408-py3-none-any.whl", hash = "sha256:090b32865f4fdb1e0e6cd82bf5618480d48eecd2eb2e70f960982a3d9a4c17c1", size = 6399144, upload-time = "2026-01-08T08:07:37.082Z" },
]

[[package]]
name = "ruff"
version = "0.15.8"
source = { registry = "https://pypi.org/simple" }
sdist = { url = "https://files.pythonhosted.org/packages/14/b0/73cf7550861e2b4824950b8b52eebdcc5adc792a00c514406556c5b80817/ruff-0.15.8.tar.gz", hash = "sha256:995f11f63597ee362130d1d5a327a87cb6f3f5eae3094c620bcc632329a4d26e", size = 4610921, upload-time = "2026-03-26T18:39:38.675Z" }
wheels = [
    { url = "https://files.pythonhosted.org/packages/4a/92/c445b0cd6da6e7ae51e954939cb69f97e008dbe750cfca89b8cedc081be7/ruff-0.15.8-py3-none-linux_armv6l.whl", hash = "sha256:cbe05adeba76d58162762d6b239c9056f1a15a55bd4b346cfd21e26cd6ad7bc7", size = 10527394, upload-time = "2026-03-26T18:39:41.566Z" },
    { url = "https://files.pythonhosted.org/packages/eb/92/f1c662784d149ad1414cae450b082cf736430c12ca78367f20f5ed569d65/ruff-0.15.8-py3-none-macosx_10_12_x86_64.whl", hash = "sha256:d3e3d0b6ba8dca1b7ef9ab80a28e840a20070c4b62e56d675c24f366ef330570", size = 10905693, upload-time = "2026-03-26T18:39:30.364Z" },
    { url = "https://files.pythonhosted.org/packages/ca/f2/7a631a8af6d88bcef997eb1bf87cc3da158294c57044aafd3e17030613de/ruff-0.15.8-py3-none-macosx_11_0_arm64.whl", hash = "sha256:6ee3ae5c65a42f273f126686353f2e08ff29927b7b7e203b711514370d500de3", size = 10323044, upload-time = "2026-03-26T18:39:33.37Z" },
    { url = "https://files.pythonhosted.org/packages/67/18/1bf38e20914a05e72ef3b9569b1d5c70a7ef26cd188d69e9ca8ef588d5bf/ruff-0.15.8-py3-none-manylinux_2_17_aarch64.manylinux2014_aarch64.whl", hash = "sha256:fdce027ada77baa448077ccc6ebb2fa9c3c62fd110d8659d601cf2f475858d94", size = 10629135, upload-time = "2026-03-26T18:39:44.142Z" },
    { url = "https://files.pythonhosted.org/packages/d2/e9/138c150ff9af60556121623d41aba18b7b57d95ac032e177b6a53789d279/ruff-0.15.8-py3-none-manylinux_2_17_armv7l.manylinux2014_armv7l.whl", hash = "sha256:12e617fc01a95e5821648a6df341d80456bd627bfab8a829f7cfc26a14a4b4a3", size = 10348041, upload-time = "2026-03-26T18:39:52.178Z" },
    { url = "https://files.pythonhosted.org/packages/02/f1/5bfb9298d9c323f842c5ddeb85f1f10ef51516ac7a34ba446c9347d898df/ruff-0.15.8-py3-none-manylinux_2_17_i686.manylinux2014_i686.whl", hash = "sha256:432701303b26416d22ba696c39f2c6f12499b89093b61360abc34bcc9bf07762", size = 11121987, upload-time = "2026-03-26T18:39:55.195Z" },
    { url = "https://files.pythonhosted.org/packages/10/11/6da2e538704e753c04e8d86b1fc55712fdbdcc266af1a1ece7a51fff0d10/ruff-0.15.8-py3-none-manylinux_2_17_ppc64le.manylinux2014_ppc64le.whl", hash = "sha256:d910ae974b7a06a33a057cb87d2a10792a3b2b3b35e33d2699fdf63ec8f6b17a", size = 11951057, upload-time = "2026-03-26T18:39:19.18Z" },
    { url = "https://files.pythonhosted.org/packages/83/f0/c9208c5fd5101bf87002fed774ff25a96eea313d305f1e5d5744698dc314/ruff-0.15.8-py3-none-manylinux_2_17_s390x.manylinux2014_s390x.whl", hash = "sha256:2033f963c43949d51e6fdccd3946633c6b37c484f5f98c3035f49c27395a8ab8", size = 11464613, upload-time = "2026-03-26T18:40:06.301Z" },
    { url = "https://files.pythonhosted.org/packages/f8/22/d7f2fabdba4fae9f3b570e5605d5eb4500dcb7b770d3217dca4428484b17/ruff-0.15.8-py3-none-manylinux_2_17_x86_64.manylinux2014_x86_64.whl", hash = "sha256:0f29b989a55572fb885b77464cf24af05500806ab4edf9a0fd8977f9759d85b1", size = 11257557, upload-time = "2026-03-26T18:39:57.972Z" },
    { url = "https://files.pythonhosted.org/packages/71/8c/382a9620038cf6906446b23ce8632ab8c0811b8f9d3e764f58bedd0c9a6f/ruff-0.15.8-py3-none-manylinux_2_31_riscv64.whl", hash = "sha256:ac51d486bf457cdc985a412fb1801b2dfd1bd8838372fc55de64b1510eff4bec", size = 11169440, upload-time = "2026-03-26T18:39:22.205Z" },
    { url = "https://files.pythonhosted.org/packages/4d/0d/0994c802a7eaaf99380085e4e40c845f8e32a562e20a38ec06174b52ef24/ruff-0.15.8-py3-none-musllinux_1_2_aarch64.whl", hash = "sha256:c9861eb959edab053c10ad62c278835ee69ca527b6dcd72b47d5c1e5648964f6", size = 10605963, upload-time = "2026-03-26T18:39:46.682Z" },
    { url = "https://files.pythonhosted.org/packages/19/aa/d624b86f5b0aad7cef6bbf9cd47a6a02dfdc4f72c92a337d724e39c9d14b/ruff-0.15.8-py3-none-musllinux_1_2_armv7l.whl", hash = "sha256:8d9a5b8ea13f26ae90838afc33f91b547e61b794865374f114f349e9036835fb", size = 10357484, upload-time = "2026-03-26T18:39:49.176Z" },
    { url = "https://files.pythonhosted.org/packages/35/c3/e0b7835d23001f7d999f3895c6b569927c4d39912286897f625736e1fd04/ruff-0.15.8-py3-none-musllinux_1_2_i686.whl", hash = "sha256:c2a33a529fb3cbc23a7124b5c6ff121e4d6228029cba374777bd7649cc8598b8", size = 10830426, upload-time = "2026-03-26T18:40:03.702Z" },
    { url = "https://files.pythonhosted.org/packages/f0/51/ab20b322f637b369383adc341d761eaaa0f0203d6b9a7421cd6e783d81b9/ruff-0.15.8-py3-none-musllinux_1_2_x86_64.whl", hash = "sha256:75e5cd06b1cf3f47a3996cfc999226b19aa92e7cce682dcd62f80d7035f98f49", size = 11345125, upload-time = "2026-03-26T18:39:27.799Z" },
    { url = "https://files.pythonhosted.org/packages/37/e6/90b2b33419f59d0f2c4c8a48a4b74b460709a557e8e0064cf33ad894f983/ruff-0.15.8-py3-none-win32.whl", hash = "sha256:bc1f0a51254ba21767bfa9a8b5013ca8149dcf38092e6a9eb704d876de94dc34", size = 10571959, upload-time = "2026-03-26T18:39:36.117Z" },
    { url = "https://files.pythonhosted.org/packages/1f/a2/ef467cb77099062317154c63f234b8a7baf7cb690b99af760c5b68b9ee7f/ruff-0.15.8-py3-none-win_amd64.whl", hash = "sha256:04f79eff02a72db209d47d665ba7ebcad609d8918a134f86cb13dd132159fc89", size = 11743893, upload-time = "2026-03-26T18:39:25.01Z" },
    { url = "https://files.pythonhosted.org/packages/15/e2/77be4fff062fa78d9b2a4dea85d14785dac5f1d0c1fb58ed52331f0ebe28/ruff-0.15.8-py3-none-win_arm64.whl", hash = "sha256:cf891fa8e3bb430c0e7fac93851a5978fc99c8fa2c053b57b118972866f8e5f2", size = 11048175, upload-time = "2026-03-26T18:40:01.06Z" },
]

[[package]]
name = "stringzilla"
version = "4.6.0"
source = { registry = "https://pypi.org/simple" }
sdist = { url = "https://files.pythonhosted.org/packages/61/68/475518f6f4af8273ecd619a5d37d715d36908973f9970faf21571a296821/stringzilla-4.6.0.tar.gz", hash = "sha256:640c0fb5b6a2ad77b7721bff98f00a3c524ca60dc202f552e486831a751d4bbd", size = 646335, upload-time = "2025-12-26T23:44:43.956Z" }

[[package]]
name = "ty"
version = "0.0.26"
source = { registry = "https://pypi.org/simple" }
sdist = { url = "https://files.pythonhosted.org/packages/18/94/4879b81f8681117ccaf31544579304f6dc2ddcc0c67f872afb35869643a2/ty-0.0.26.tar.gz", hash = "sha256:0496b62405d62de7b954d6d677dc1cc5d3046197215d7a0a7fef37745d7b6d29", size = 5393643, upload-time = "2026-03-26T16:27:11.067Z" }
wheels = [
    { url = "https://files.pythonhosted.org/packages/83/24/99fe33ecd7e16d23c53b0d4244778c6d1b6eb1663b091236dcba22882d67/ty-0.0.26-py3-none-linux_armv6l.whl", hash = "sha256:35beaa56cf59725fd59ab35d8445bbd40b97fe76db39b052b1fcb31f9bf8adf7", size = 10521856, upload-time = "2026-03-26T16:27:06.335Z" },
    { url = "https://files.pythonhosted.org/packages/55/97/1b5e939e2ff69b9bb279ab680bfa8f677d886309a1ac8d9588fd6ce58146/ty-0.0.26-py3-none-macosx_10_12_x86_64.whl", hash = "sha256:487a0be58ab0eb02e31ba71eb6953812a0f88e50633469b0c0ce3fb795fe0fa1", size = 10320958, upload-time = "2026-03-26T16:27:13.849Z" },
    { url = "https://files.pythonhosted.org/packages/71/25/37081461e13d38a190e5646948d7bc42084f7bd1c6b44f12550be3923e7e/ty-0.0.26-py3-none-macosx_11_0_arm64.whl", hash = "sha256:a01b7de5693379646d423b68f119719a1338a20017ba48a93eefaff1ee56f97b", size = 9799905, upload-time = "2026-03-26T16:26:55.805Z" },
    { url = "https://files.pythonhosted.org/packages/a1/1c/295d8f55a7b0e037dfc3a5ec4bdda3ab3cbca6f492f725bf269f96a4d841/ty-0.0.26-py3-none-manylinux_2_17_aarch64.manylinux2014_aarch64.whl", hash = "sha256:628c3ee869d113dd2bd249925662fd39d9d0305a6cb38f640ddaa7436b74a1ef", size = 10317507, upload-time = "2026-03-26T16:27:31.887Z" },
    { url = "https://files.pythonhosted.org/packages/1d/62/48b3875c5d2f48fe017468d4bbdde1164c76a8184374f1d5e6162cf7d9b8/ty-0.0.26-py3-none-manylinux_2_17_armv7l.manylinux2014_armv7l.whl", hash = "sha256:63d04f35f5370cbc91c0b9675dc83e0c53678125a7b629c9c95769e86f123e65", size = 10319821, upload-time = "2026-03-26T16:27:29.647Z" },
    { url = "https://files.pythonhosted.org/packages/ff/28/cfb2d495046d5bf42d532325cea7412fa1189912d549dbfae417a24fd794/ty-0.0.26-py3-none-manylinux_2_17_i686.manylinux2014_i686.whl", hash = "sha256:4a53c4e6f6a91927f8b90e584a4b12bcde05b0c1870ddff8d17462168ad7947a", size = 10831757, upload-time = "2026-03-26T16:27:37.441Z" },
    { url = "https://files.pythonhosted.org/packages/26/bf/dbc3e42f448a2d862651de070b4108028c543ca18cab096b38d7de449915/ty-0.0.26-py3-none-manylinux_2_17_ppc64le.manylinux2014_ppc64le.whl", hash = "sha256:caf2ced0e58d898d5e3ba5cb843e0ebd377c8a461464748586049afbd9321f51", size = 11369556, upload-time = "2026-03-26T16:26:58.655Z" },
    { url = "https://files.pythonhosted.org/packages/92/4c/6d2f8f34bc6d502ab778c9345a4a936a72ae113de11329c1764bb1f204f6/ty-0.0.26-py3-none-manylinux_2_17_s390x.manylinux2014_s390x.whl", hash = "sha256:384807bbcb7d7ce9b97ee5aaa6417a8ae03ccfb426c52b08018ca62cf60f5430", size = 11085679, upload-time = "2026-03-26T16:27:21.746Z" },
    { url = "https://files.pythonhosted.org/packages/cc/f4/f3f61c203bc980dd9bba0ba7ed3c6e81ddfd36b286330f9487c2c7d041aa/ty-0.0.26-py3-none-manylinux_2_17_x86_64.manylinux2014_x86_64.whl", hash = "sha256:8a2c766a94d79b4f82995d41229702caf2d76e5c440ec7e543d05c70e98bf8ab", size = 10900581, upload-time = "2026-03-26T16:27:24.39Z" },
    { url = "https://files.pythonhosted.org/packages/3d/fd/3ca1b4e4bdd129829e9ce78677e0f8e0f1038a7702dccecfa52f037c6046/ty-0.0.26-py3-none-musllinux_1_2_aarch64.whl", hash = "sha256:f41ac45a0f8e3e8e181508d863a0a62156341db0f624ffd004b97ee550a9de80", size = 10294401, upload-time = "2026-03-26T16:27:03.999Z" },
    { url = "https://files.pythonhosted.org/packages/de/20/4ee3d8c3f90e008843795c765cb8bb245f188c23e5e5cc612c7697406fba/ty-0.0.26-py3-none-musllinux_1_2_armv7l.whl", hash = "sha256:73eb8327a34d529438dfe4db46796946c4e825167cbee434dc148569892e435f", size = 10351469, upload-time = "2026-03-26T16:27:19.003Z" },
    { url = "https://files.pythonhosted.org/packages/3d/b1/9fb154ade65906d4148f0b999c4a8257c2a34253cb72e15d84c1f04a064e/ty-0.0.26-py3-none-musllinux_1_2_i686.whl", hash = "sha256:4bb53a79259516535a1b55f613ba1619e9c666854946474ca8418c35a5c4fd60", size = 10529488, upload-time = "2026-03-26T16:27:01.378Z" },
    { url = "https://files.pythonhosted.org/packages/a5/70/9b02b03b1862e27b64143db65946d68b138160a5b6bfea193bee0b8bbc34/ty-0.0.26-py3-none-musllinux_1_2_x86_64.whl", hash = "sha256:2f0e75edc1aeb1b4b84af516c7891f631254a4ca3dcd15e848fa1e061e1fe9da", size = 10999015, upload-time = "2026-03-26T16:27:34.636Z" },
    { url = "https://files.pythonhosted.org/packages/21/16/0a56b8667296e2989b9d48095472d98ebf57a0006c71f2a101bbc62a142d/ty-0.0.26-py3-none-win32.whl", hash = "sha256:943c998c5523ed6b519c899c0c39b26b4c751a9759e460fb964765a44cde226f", size = 9912378, upload-time = "2026-03-26T16:27:08.999Z" },
    { url = "https://files.pythonhosted.org/packages/60/c2/fef0d4bba9cd89a82d725b3b1a66efb1b36629ecf0fb1d8e916cb75b8829/ty-0.0.26-py3-none-win_amd64.whl", hash = "sha256:19c856d343efeb1ecad8ee220848f5d2c424daf7b2feda357763ad3036e2172f", size = 10863737, upload-time = "2026-03-26T16:27:27.06Z" },
    { url = "https://files.pythonhosted.org/packages/4d/05/888ebcb3c4d3b6b72d5d3241fddd299142caa3c516e6d26a9cd887dfed3b/ty-0.0.26-py3-none-win_arm64.whl", hash = "sha256:2cde58ccffa046db1223dc28f3e7d4f2c7da8267e97cc5cd186af6fe85f1758a", size = 10285408, upload-time = "2026-03-26T16:27:16.432Z" },
]

[[package]]
name = "typing-extensions"
version = "4.15.0"
source = { registry = "https://pypi.org/simple" }
sdist = { url = "https://files.pythonhosted.org/packages/72/94/1a15dd82efb362ac84269196e94cf00f187f7ed21c242792a923cdb1c61f/typing_extensions-4.15.0.tar.gz", hash = "sha256:0cea48d173cc12fa28ecabc3b837ea3cf6f38c6d1136f85cbaaf598984861466", size = 109391, upload-time = "2025-08-25T13:49:26.313Z" }
wheels = [
    { url = "https://files.pythonhosted.org/packages/18/67/36e9267722cc04a6b9f15c7f3441c2363321a3ea07da7ae0c0707beb2a9c/typing_extensions-4.15.0-py3-none-any.whl", hash = "sha256:f0fa19c6845758ab08074a0cfa8b7aecb71c999ca73d62883bc25cc018c4e548", size = 44614, upload-time = "2025-08-25T13:49:24.86Z" },
]

[[package]]
name = "xxhash"
version = "3.6.0"
source = { registry = "https://pypi.org/simple" }
sdist = { url = "https://files.pythonhosted.org/packages/02/84/30869e01909fb37a6cc7e18688ee8bf1e42d57e7e0777636bd47524c43c7/xxhash-3.6.0.tar.gz", hash = "sha256:f0162a78b13a0d7617b2845b90c763339d1f1d82bb04a4b07f4ab535cc5e05d6", size = 85160, upload-time = "2025-10-02T14:37:08.097Z" }
wheels = [
    { url = "https://files.pythonhosted.org/packages/7e/5e/0138bc4484ea9b897864d59fce9be9086030825bc778b76cb5a33a906d37/xxhash-3.6.0-cp314-cp314-macosx_10_13_x86_64.whl", hash = "sha256:a40a3d35b204b7cc7643cbcf8c9976d818cb47befcfac8bbefec8038ac363f3e", size = 32754, upload-time = "2025-10-02T14:35:38.245Z" },
    { url = "https://files.pythonhosted.org/packages/18/d7/5dac2eb2ec75fd771957a13e5dda560efb2176d5203f39502a5fc571f899/xxhash-3.6.0-cp314-cp314-macosx_11_0_arm64.whl", hash = "sha256:a54844be970d3fc22630b32d515e79a90d0a3ddb2644d8d7402e3c4c8da61405", size = 30846, upload-time = "2025-10-02T14:35:39.6Z" },
    { url = "https://files.pythonhosted.org/packages/fe/71/8bc5be2bb00deb5682e92e8da955ebe5fa982da13a69da5a40a4c8db12fb/xxhash-3.6.0-cp314-cp314-manylinux1_i686.manylinux_2_28_i686.manylinux_2_5_i686.whl", hash = "sha256:016e9190af8f0a4e3741343777710e3d5717427f175adfdc3e72508f59e2a7f3", size = 194343, upload-time = "2025-10-02T14:35:40.69Z" },
    { url = "https://files.pythonhosted.org/packages/e7/3b/52badfb2aecec2c377ddf1ae75f55db3ba2d321c5e164f14461c90837ef3/xxhash-3.6.0-cp314-cp314-manylinux2014_aarch64.manylinux_2_17_aarch64.manylinux_2_28_aarch64.whl", hash = "sha256:4f6f72232f849eb9d0141e2ebe2677ece15adfd0fa599bc058aad83c714bb2c6", size = 213074, upload-time = "2025-10-02T14:35:42.29Z" },
    { url = "https://files.pythonhosted.org/packages/a2/2b/ae46b4e9b92e537fa30d03dbc19cdae57ed407e9c26d163895e968e3de85/xxhash-3.6.0-cp314-cp314-manylinux2014_ppc64le.manylinux_2_17_ppc64le.manylinux_2_28_ppc64le.whl", hash = "sha256:63275a8aba7865e44b1813d2177e0f5ea7eadad3dd063a21f7cf9afdc7054063", size = 212388, upload-time = "2025-10-02T14:35:43.929Z" },
    { url = "https://files.pythonhosted.org/packages/f5/80/49f88d3afc724b4ac7fbd664c8452d6db51b49915be48c6982659e0e7942/xxhash-3.6.0-cp314-cp314-manylinux2014_s390x.manylinux_2_17_s390x.manylinux_2_28_s390x.whl", hash = "sha256:3cd01fa2aa00d8b017c97eb46b9a794fbdca53fc14f845f5a328c71254b0abb7", size = 445614, upload-time = "2025-10-02T14:35:45.216Z" },
    { url = "https://files.pythonhosted.org/packages/ed/ba/603ce3961e339413543d8cd44f21f2c80e2a7c5cfe692a7b1f2cccf58f3c/xxhash-3.6.0-cp314-cp314-manylinux2014_x86_64.manylinux_2_17_x86_64.manylinux_2_28_x86_64.whl", hash = "sha256:0226aa89035b62b6a86d3c68df4d7c1f47a342b8683da2b60cedcddb46c4d95b", size = 194024, upload-time = "2025-10-02T14:35:46.959Z" },
    { url = "https://files.pythonhosted.org/packages/78/d1/8e225ff7113bf81545cfdcd79eef124a7b7064a0bba53605ff39590b95c2/xxhash-3.6.0-cp314-cp314-musllinux_1_2_aarch64.whl", hash = "sha256:c6e193e9f56e4ca4923c61238cdaced324f0feac782544eb4c6d55ad5cc99ddd", size = 210541, upload-time = "2025-10-02T14:35:48.301Z" },
    { url = "https://files.pythonhosted.org/packages/6f/58/0f89d149f0bad89def1a8dd38feb50ccdeb643d9797ec84707091d4cb494/xxhash-3.6.0-cp314-cp314-musllinux_1_2_i686.whl", hash = "sha256:9176dcaddf4ca963d4deb93866d739a343c01c969231dbe21680e13a5d1a5bf0", size = 198305, upload-time = "2025-10-02T14:35:49.584Z" },
    { url = "https://files.pythonhosted.org/packages/11/38/5eab81580703c4df93feb5f32ff8fa7fe1e2c51c1f183ee4e48d4bb9d3d7/xxhash-3.6.0-cp314-cp314-musllinux_1_2_ppc64le.whl", hash = "sha256:c1ce4009c97a752e682b897aa99aef84191077a9433eb237774689f14f8ec152", size = 210848, upload-time = "2025-10-02T14:35:50.877Z" },
    { url = "https://files.pythonhosted.org/packages/5e/6b/953dc4b05c3ce678abca756416e4c130d2382f877a9c30a20d08ee6a77c0/xxhash-3.6.0-cp314-cp314-musllinux_1_2_s390x.whl", hash = "sha256:8cb2f4f679b01513b7adbb9b1b2f0f9cdc31b70007eaf9d59d0878809f385b11", size = 414142, upload-time = "2025-10-02T14:35:52.15Z" },
    { url = "https://files.pythonhosted.org/packages/08/a9/238ec0d4e81a10eb5026d4a6972677cbc898ba6c8b9dbaec12ae001b1b35/xxhash-3.6.0-cp314-cp314-musllinux_1_2_x86_64.whl", hash = "sha256:653a91d7c2ab54a92c19ccf43508b6a555440b9be1bc8be553376778be7f20b5", size = 191547, upload-time = "2025-10-02T14:35:53.547Z" },
    { url = "https://files.pythonhosted.org/packages/f1/ee/3cf8589e06c2164ac77c3bf0aa127012801128f1feebf2a079272da5737c/xxhash-3.6.0-cp314-cp314-win32.whl", hash = "sha256:a756fe893389483ee8c394d06b5ab765d96e68fbbfe6fde7aa17e11f5720559f", size = 31214, upload-time = "2025-10-02T14:35:54.746Z" },
    { url = "https://files.pythonhosted.org/packages/02/5d/a19552fbc6ad4cb54ff953c3908bbc095f4a921bc569433d791f755186f1/xxhash-3.6.0-cp314-cp314-win_amd64.whl", hash = "sha256:39be8e4e142550ef69629c9cd71b88c90e9a5db703fecbcf265546d9536ca4ad", size = 32290, upload-time = "2025-10-02T14:35:55.791Z" },
    { url = "https://files.pythonhosted.org/packages/b1/11/dafa0643bc30442c887b55baf8e73353a344ee89c1901b5a5c54a6c17d39/xxhash-3.6.0-cp314-cp314-win_arm64.whl", hash = "sha256:25915e6000338999236f1eb68a02a32c3275ac338628a7eaa5a269c401995679", size = 28795, upload-time = "2025-10-02T14:35:57.162Z" },
    { url = "https://files.pythonhosted.org/packages/2c/db/0e99732ed7f64182aef4a6fb145e1a295558deec2a746265dcdec12d191e/xxhash-3.6.0-cp314-cp314t-macosx_10_13_x86_64.whl", hash = "sha256:c5294f596a9017ca5a3e3f8884c00b91ab2ad2933cf288f4923c3fd4346cf3d4", size = 32955, upload-time = "2025-10-02T14:35:58.267Z" },
    { url = "https://files.pythonhosted.org/packages/55/f4/2a7c3c68e564a099becfa44bb3d398810cc0ff6749b0d3cb8ccb93f23c14/xxhash-3.6.0-cp314-cp314t-macosx_11_0_arm64.whl", hash = "sha256:1cf9dcc4ab9cff01dfbba78544297a3a01dafd60f3bde4e2bfd016cf7e4ddc67", size = 31072, upload-time = "2025-10-02T14:35:59.382Z" },
    { url = "https://files.pythonhosted.org/packages/c6/d9/72a29cddc7250e8a5819dad5d466facb5dc4c802ce120645630149127e73/xxhash-3.6.0-cp314-cp314t-manylinux1_i686.manylinux_2_28_i686.manylinux_2_5_i686.whl", hash = "sha256:01262da8798422d0685f7cef03b2bd3f4f46511b02830861df548d7def4402ad", size = 196579, upload-time = "2025-10-02T14:36:00.838Z" },
    { url = "https://files.pythonhosted.org/packages/63/93/b21590e1e381040e2ca305a884d89e1c345b347404f7780f07f2cdd47ef4/xxhash-3.6.0-cp314-cp314t-manylinux2014_aarch64.manylinux_2_17_aarch64.manylinux_2_28_aarch64.whl", hash = "sha256:51a73fb7cb3a3ead9f7a8b583ffd9b8038e277cdb8cb87cf890e88b3456afa0b", size = 215854, upload-time = "2025-10-02T14:36:02.207Z" },
    { url = "https://files.pythonhosted.org/packages/ce/b8/edab8a7d4fa14e924b29be877d54155dcbd8b80be85ea00d2be3413a9ed4/xxhash-3.6.0-cp314-cp314t-manylinux2014_ppc64le.manylinux_2_17_ppc64le.manylinux_2_28_ppc64le.whl", hash = "sha256:b9c6df83594f7df8f7f708ce5ebeacfc69f72c9fbaaababf6cf4758eaada0c9b", size = 214965, upload-time = "2025-10-02T14:36:03.507Z" },
    { url = "https://files.pythonhosted.org/packages/27/67/dfa980ac7f0d509d54ea0d5a486d2bb4b80c3f1bb22b66e6a05d3efaf6c0/xxhash-3.6.0-cp314-cp314t-manylinux2014_s390x.manylinux_2_17_s390x.manylinux_2_28_s390x.whl", hash = "sha256:627f0af069b0ea56f312fd5189001c24578868643203bca1abbc2c52d3a6f3ca", size = 448484, upload-time = "2025-10-02T14:36:04.828Z" },
    { url = "https://files.pythonhosted.org/packages/8c/63/8ffc2cc97e811c0ca5d00ab36604b3ea6f4254f20b7bc658ca825ce6c954/xxhash-3.6.0-cp314-cp314t-manylinux2014_x86_64.manylinux_2_17_x86_64.manylinux_2_28_x86_64.whl", hash = "sha256:aa912c62f842dfd013c5f21a642c9c10cd9f4c4e943e0af83618b4a404d9091a", size = 196162, upload-time = "2025-10-02T14:36:06.182Z" },
    { url = "https://files.pythonhosted.org/packages/4b/77/07f0e7a3edd11a6097e990f6e5b815b6592459cb16dae990d967693e6ea9/xxhash-3.6.0-cp314-cp314t-musllinux_1_2_aarch64.whl", hash = "sha256:b465afd7909db30168ab62afe40b2fcf79eedc0b89a6c0ab3123515dc0df8b99", size = 213007, upload-time = "2025-10-02T14:36:07.733Z" },
    { url = "https://files.pythonhosted.org/packages/ae/d8/bc5fa0d152837117eb0bef6f83f956c509332ce133c91c63ce07ee7c4873/xxhash-3.6.0-cp314-cp314t-musllinux_1_2_i686.whl", hash = "sha256:a881851cf38b0a70e7c4d3ce81fc7afd86fbc2a024f4cfb2a97cf49ce04b75d3", size = 200956, upload-time = "2025-10-02T14:36:09.106Z" },
    { url = "https://files.pythonhosted.org/packages/26/a5/d749334130de9411783873e9b98ecc46688dad5db64ca6e04b02acc8b473/xxhash-3.6.0-cp314-cp314t-musllinux_1_2_ppc64le.whl", hash = "sha256:9b3222c686a919a0f3253cfc12bb118b8b103506612253b5baeaac10d8027cf6", size = 213401, upload-time = "2025-10-02T14:36:10.585Z" },
    { url = "https://files.pythonhosted.org/packages/89/72/abed959c956a4bfc72b58c0384bb7940663c678127538634d896b1195c10/xxhash-3.6.0-cp314-cp314t-musllinux_1_2_s390x.whl", hash = "sha256:c5aa639bc113e9286137cec8fadc20e9cd732b2cc385c0b7fa673b84fc1f2a93", size = 417083, upload-time = "2025-10-02T14:36:12.276Z" },
    { url = "https://files.pythonhosted.org/packages/0c/b3/62fd2b586283b7d7d665fb98e266decadf31f058f1cf6c478741f68af0cb/xxhash-3.6.0-cp314-cp314t-musllinux_1_2_x86_64.whl", hash = "sha256:5c1343d49ac102799905e115aee590183c3921d475356cb24b4de29a4bc56518", size = 193913, upload-time = "2025-10-02T14:36:14.025Z" },
    { url = "https://files.pythonhosted.org/packages/9a/9a/c19c42c5b3f5a4aad748a6d5b4f23df3bed7ee5445accc65a0fb3ff03953/xxhash-3.6.0-cp314-cp314t-win32.whl", hash = "sha256:5851f033c3030dd95c086b4a36a2683c2ff4a799b23af60977188b057e467119", size = 31586, upload-time = "2025-10-02T14:36:15.603Z" },
    { url = "https://files.pythonhosted.org/packages/03/d6/4cc450345be9924fd5dc8c590ceda1db5b43a0a889587b0ae81a95511360/xxhash-3.6.0-cp314-cp314t-win_amd64.whl", hash = "sha256:0444e7967dac37569052d2409b00a8860c2135cff05502df4da80267d384849f", size = 32526, upload-time = "2025-10-02T14:36:16.708Z" },
    { url = "https://files.pythonhosted.org/packages/0f/c9/7243eb3f9eaabd1a88a5a5acadf06df2d83b100c62684b7425c6a11bcaa8/xxhash-3.6.0-cp314-cp314t-win_arm64.whl", hash = "sha256:bb79b1e63f6fd84ec778a4b1916dfe0a7c3fdb986c06addd5db3a0d413819d95", size = 28898, upload-time = "2025-10-02T14:36:17.843Z" },
]
