version = 1
revision = 3
requires-python = ">=3.14.3"

[[package]]
name = "bench"
version = "0.0.0"
source = { editable = "." }
dependencies = [
    { name = "cityhash" },
    { name = "gxhash" },
    { name = "metrohash" },
    { name = "mmh3" },
    { name = "polars" },
    { name = "siphash24" },
    { name = "stringzilla" },
    { name = "xxhash" },
]

[package.dev-dependencies]
dev = [
    { name = "nodejs-wheel-binaries" },
    { name = "pyright" },
    { name = "ruff" },
    { name = "ty" },
]

[package.metadata]
requires-dist = [
    { name = "cityhash", specifier = ">=0.4.10" },
    { name = "gxhash", directory = "../" },
    { name = "metrohash", specifier = ">=0.4.1" },
    { name = "mmh3", specifier = ">=5.2.1" },
    { name = "polars", specifier = ">=1.39.3" },
    { name = "siphash24", specifier = ">=1.8" },
    { name = "stringzilla", specifier = ">=4.6.0" },
    { name = "xxhash", specifier = ">=3.6.0" },
]

[package.metadata.requires-dev]
dev = [
    { name = "nodejs-wheel-binaries", specifier = ">=24.14.1" },
    { name = "pyright", specifier = ">=1.1.408" },
    { name = "ruff", specifier = ">=0.15.8" },
    { name = "ty", specifier = ">=0.0.27" },
]

[[package]]
name = "cityhash"
version = "0.4.10"
source = { registry = "https://pypi.org/simple" }
sdist = { url = "https://files.pythonhosted.org/packages/1f/29/06f572448a407cbcc6565b4568086da70552a74a850ef20c9c73f1cbbf81/cityhash-0.4.10.tar.gz", hash = "sha256:7e35da9aaf5fcf91da3fea23405874db55ffa58b1abc441d39cce0c8704a9c15", size = 274911, upload-time = "2025-10-09T21:57:51.795Z" }

[[package]]
name = "gxhash"
source = { directory = "../" }

[package.metadata]

[package.metadata.requires-dev]
dev = [
    { name = "commitizen", specifier = ">=3.31.0" },
    { name = "maturin", specifier = ">=1.12.0" },
    { name = "nodejs-wheel-binaries", specifier = ">=24.13.1" },
    { name = "prek", specifier = ">=0.3.3" },
    { name = "pyright", specifier = ">=1.1.408" },
    { name = "pytest", specifier = ">=8.3.5" },
    { name = "pytest-asyncio", specifier = ">=0.24.0" },
    { name = "pytest-doctestplus", specifier = ">=1.3.0" },
    { name = "ruff", specifier = ">=0.15.1" },
    { name = "taplo", specifier = ">=0.9.3" },
    { name = "ty", specifier = ">=0.0.24" },
]

[[package]]
name = "metrohash"
version = "0.4.1"
source = { registry = "https://pypi.org/simple" }
sdist = { url = "https://files.pythonhosted.org/packages/4f/e4/3ed1cb13b16a728627d813435c854ab1bed1d981e51c5ea3b59ddc6aa6e0/metrohash-0.4.1.tar.gz", hash = "sha256:f15d9deb2b9693b2e9dbfc702c5c1c68d51d6df73ad1abbb858f981596708f0c", size = 84977, upload-time = "2025-10-09T21:57:16.11Z" }

[[package]]
name = "mmh3"
version = "5.2.1"
source = { registry = "https://pypi.org/simple" }
sdist = { url = "https://files.pythonhosted.org/packages/91/1a/edb23803a168f070ded7a3014c6d706f63b90c84ccc024f89d794a3b7a6d/mmh3-5.2.1.tar.gz", hash = "sha256:bbea5b775f0ac84945191fb83f845a6fd9a21a03ea7f2e187defac7e401616ad", size = 33775, upload-time = "2026-03-05T15:55:57.716Z" }
wheels = [
    { url = "https://files.pythonhosted.org/packages/63/b4/65bc1fb2bb7f83e91c30865023b1847cf89a5f237165575e8c83aa536584/mmh3-5.2.1-cp314-cp314-android_24_arm64_v8a.whl", hash = "sha256:d771f085fcdf4035786adfb1d8db026df1eb4b41dac1c3d070d1e49512843227", size = 40794, upload-time = "2026-03-05T15:55:09.773Z" },
    { url = "https://files.pythonhosted.org/packages/c4/86/7168b3d83be8eb553897b1fac9da8bbb06568e5cfe555ffc329ebb46f59d/mmh3-5.2.1-cp314-cp314-android_24_x86_64.whl", hash = "sha256:7f196cd7910d71e9d9860da0ff7a77f64d22c1ad931f1dd18559a06e03109fc0", size = 41923, upload-time = "2026-03-05T15:55:10.924Z" },
    { url = "https://files.pythonhosted.org/packages/bf/9b/b653ab611c9060ce8ff0ba25c0226757755725e789292f3ca138a58082cd/mmh3-5.2.1-cp314-cp314-ios_13_0_arm64_iphoneos.whl", hash = "sha256:b1f12bd684887a0a5d55e6363ca87056f361e45451105012d329b86ec19dbe0b", size = 39131, upload-time = "2026-03-05T15:55:11.961Z" },
    { url = "https://files.pythonhosted.org/packages/9b/b4/5a2e0d34ab4d33543f01121e832395ea510132ea8e52cdf63926d9d81754/mmh3-5.2.1-cp314-cp314-ios_13_0_arm64_iphonesimulator.whl", hash = "sha256:d106493a60dcb4aef35a0fac85105e150a11cf8bc2b0d388f5a33272d756c966", size = 39825, upload-time = "2026-03-05T15:55:13.013Z" },
    { url = "https://files.pythonhosted.org/packages/bd/69/81699a8f39a3f8d368bec6443435c0c392df0d200ad915bf0d222b588e03/mmh3-5.2.1-cp314-cp314-ios_13_0_x86_64_iphonesimulator.whl", hash = "sha256:44983e45310ee5b9f73397350251cdf6e63a466406a105f1d16cb5baa659270b", size = 40344, upload-time = "2026-03-05T15:55:14.026Z" },
    { url = "https://files.pythonhosted.org/packages/0c/b3/71c8c775807606e8fd8acc5c69016e1caf3200d50b50b6dd4b40ce10b76c/mmh3-5.2.1-cp314-cp314-macosx_10_15_universal2.whl", hash = "sha256:368625fb01666655985391dbad3860dc0ba7c0d6b9125819f3121ee7292b4ac8", size = 56291, upload-time = "2026-03-05T15:55:15.137Z" },
    { url = "https://files.pythonhosted.org/packages/6f/75/2c24517d4b2ce9e4917362d24f274d3d541346af764430249ddcc4cb3a08/mmh3-5.2.1-cp314-cp314-macosx_10_15_x86_64.whl", hash = "sha256:72d1cc63bcc91e14933f77d51b3df899d6a07d184ec515ea7f56bff659e124d7", size = 40575, upload-time = "2026-03-05T15:55:16.518Z" },
    { url = "https://files.pythonhosted.org/packages/bf/b9/e4a360164365ac9f07a25f0f7928e3a66eb9ecc989384060747aa170e6aa/mmh3-5.2.1-cp314-cp314-macosx_11_0_arm64.whl", hash = "sha256:e8b4b5580280b9265af3e0409974fb79c64cf7523632d03fbf11df18f8b0181e", size = 40052, upload-time = "2026-03-05T15:55:17.735Z" },
    { url = "https://files.pythonhosted.org/packages/97/ca/120d92223a7546131bbbc31c9174168ee7a73b1366f5463ffe69d9e691fe/mmh3-5.2.1-cp314-cp314-manylinux1_i686.manylinux_2_28_i686.manylinux_2_5_i686.whl", hash = "sha256:4cbbde66f1183db040daede83dd86c06d663c5bb2af6de1142b7c8c37923dd74", size = 97311, upload-time = "2026-03-05T15:55:18.959Z" },
    { url = "https://files.pythonhosted.org/packages/b6/71/c1a60c1652b8813ef9de6d289784847355417ee0f2980bca002fe87f4ae5/mmh3-5.2.1-cp314-cp314-manylinux1_x86_64.manylinux_2_28_x86_64.manylinux_2_5_x86_64.whl", hash = "sha256:8ff038d52ef6aa0f309feeba00c5095c9118d0abf787e8e8454d6048db2037fc", size = 103279, upload-time = "2026-03-05T15:55:20.448Z" },
    { url = "https://files.pythonhosted.org/packages/48/29/ad97f4be1509cdcb28ae32c15593ce7c415db47ace37f8fad35b493faa9a/mmh3-5.2.1-cp314-cp314-manylinux2014_aarch64.manylinux_2_17_aarch64.manylinux_2_28_aarch64.whl", hash = "sha256:a4130d0b9ce5fad6af07421b1aecc7e079519f70d6c05729ab871794eded8617", size = 106290, upload-time = "2026-03-05T15:55:21.6Z" },
    { url = "https://files.pythonhosted.org/packages/77/29/1f86d22e281bd8827ba373600a4a8b0c0eae5ca6aa55b9a8c26d2a34decc/mmh3-5.2.1-cp314-cp314-manylinux2014_ppc64le.manylinux_2_17_ppc64le.manylinux_2_28_ppc64le.whl", hash = "sha256:f6e0bfe77d238308839699944164b96a2eeccaf55f2af400f54dc20669d8d5f2", size = 113116, upload-time = "2026-03-05T15:55:22.826Z" },
    { url = "https://files.pythonhosted.org/packages/a7/7c/339971ea7ed4c12d98f421f13db3ea576a9114082ccb59d2d1a0f00ccac1/mmh3-5.2.1-cp314-cp314-manylinux2014_s390x.manylinux_2_17_s390x.manylinux_2_28_s390x.whl", hash = "sha256:f963eafc0a77a6c0562397da004f5876a9bcf7265a7bcc3205e29636bc4a1312", size = 120740, upload-time = "2026-03-05T15:55:24.3Z" },
    { url = "https://files.pythonhosted.org/packages/e4/92/3c7c4bdb8e926bb3c972d1e2907d77960c1c4b250b41e8366cf20c6e4373/mmh3-5.2.1-cp314-cp314-musllinux_1_2_aarch64.whl", hash = "sha256:92883836caf50d5255be03d988d75bc93e3f86ba247b7ca137347c323f731deb", size = 99143, upload-time = "2026-03-05T15:55:25.456Z" },
    { url = "https://files.pythonhosted.org/packages/df/0a/33dd8706e732458c8375eae63c981292de07a406bad4ec03e5269654aa2c/mmh3-5.2.1-cp314-cp314-musllinux_1_2_i686.whl", hash = "sha256:57b52603e89355ff318025dd55158f6e71396c0f1f609d548e9ea9c94cc6ce0a", size = 98703, upload-time = "2026-03-05T15:55:26.723Z" },
    { url = "https://files.pythonhosted.org/packages/51/04/76bbce05df76cbc3d396f13b2ea5b1578ef02b6a5187e132c6c33f99d596/mmh3-5.2.1-cp314-cp314-musllinux_1_2_ppc64le.whl", hash = "sha256:f40a95186a72fa0b67d15fef0f157bfcda00b4f59c8a07cbe5530d41ac35d105", size = 106484, upload-time = "2026-03-05T15:55:28.214Z" },
    { url = "https://files.pythonhosted.org/packages/d3/8f/c6e204a2c70b719c1f62ffd9da27aef2dddcba875ea9c31ca0e87b975a46/mmh3-5.2.1-cp314-cp314-musllinux_1_2_s390x.whl", hash = "sha256:58370d05d033ee97224c81263af123dea3d931025030fd34b61227a768a8858a", size = 110012, upload-time = "2026-03-05T15:55:29.532Z" },
    { url = "https://files.pythonhosted.org/packages/e3/37/7181efd8e39db386c1ebc3e6b7d1f702a09d7c1197a6f2742ed6b5c16597/mmh3-5.2.1-cp314-cp314-musllinux_1_2_x86_64.whl", hash = "sha256:7be6dfb49e48fd0a7d91ff758a2b51336f1cd21f9d44b20f6801f072bd080cdd", size = 97508, upload-time = "2026-03-05T15:55:31.01Z" },
    { url = "https://files.pythonhosted.org/packages/42/0f/afa7ca2615fd85e1469474bb860e381443d0b868c083b62b41cb1d7ca32f/mmh3-5.2.1-cp314-cp314-win32.whl", hash = "sha256:54fe8518abe06a4c3852754bfd498b30cc58e667f376c513eac89a244ce781a4", size = 41387, upload-time = "2026-03-05T15:55:32.403Z" },
    { url = "https://files.pythonhosted.org/packages/71/0d/46d42a260ee1357db3d486e6c7a692e303c017968e14865e00efa10d09fc/mmh3-5.2.1-cp314-cp314-win_amd64.whl", hash = "sha256:3f796b535008708846044c43302719c6956f39ca2d93f2edda5319e79a29efbb", size = 42101, upload-time = "2026-03-05T15:55:33.646Z" },
    { url = "https://files.pythonhosted.org/packages/a4/7b/848a8378059d96501a41159fca90d6a99e89736b0afbe8e8edffeac8c74b/mmh3-5.2.1-cp314-cp314-win_arm64.whl", hash = "sha256:cd471ede0d802dd936b6fab28188302b2d497f68436025857ca72cd3810423fe", size = 39836, upload-time = "2026-03-05T15:55:35.026Z" },
    { url = "https://files.pythonhosted.org/packages/27/61/1dabea76c011ba8547c25d30c91c0ec22544487a8750997a27a0c9e1180b/mmh3-5.2.1-cp314-cp314t-macosx_10_15_universal2.whl", hash = "sha256:5174a697ce042fa77c407e05efe41e03aa56dae9ec67388055820fb48cf4c3ba", size = 57727, upload-time = "2026-03-05T15:55:36.162Z" },
    { url = "https://files.pythonhosted.org/packages/b7/32/731185950d1cf2d5e28979cc8593016ba1619a295faba10dda664a4931b5/mmh3-5.2.1-cp314-cp314t-macosx_10_15_x86_64.whl", hash = "sha256:0a3984146e414684a6be2862d84fcb1035f4984851cb81b26d933bab6119bf00", size = 41308, upload-time = "2026-03-05T15:55:37.254Z" },
    { url = "https://files.pythonhosted.org/packages/76/aa/66c76801c24b8c9418b4edde9b5e57c75e72c94e29c48f707e3962534f18/mmh3-5.2.1-cp314-cp314t-macosx_11_0_arm64.whl", hash = "sha256:bd6e7d363aa93bd3421b30b6af97064daf47bc96005bddba67c5ffbc6df426b8", size = 40758, upload-time = "2026-03-05T15:55:38.61Z" },
    { url = "https://files.pythonhosted.org/packages/9e/bb/79a1f638a02f0ae389f706d13891e2fbf7d8c0a22ecde67ba828951bb60a/mmh3-5.2.1-cp314-cp314t-manylinux1_i686.manylinux_2_28_i686.manylinux_2_5_i686.whl", hash = "sha256:113f78e7463a36dbbcea05bfe688efd7fa759d0f0c56e73c974d60dcfec3dfcc", size = 109670, upload-time = "2026-03-05T15:55:40.13Z" },
    { url = "https://files.pythonhosted.org/packages/26/94/8cd0e187a288985bcfc79bf5144d1d712df9dee74365f59d26e3a1865be6/mmh3-5.2.1-cp314-cp314t-manylinux1_x86_64.manylinux_2_28_x86_64.manylinux_2_5_x86_64.whl", hash = "sha256:7e8ec5f606e0809426d2440e0683509fb605a8820a21ebd120dcdba61b74ef7f", size = 117399, upload-time = "2026-03-05T15:55:42.076Z" },
    { url = "https://files.pythonhosted.org/packages/42/94/dfea6059bd5c5beda565f58a4096e43f4858fb6d2862806b8bbd12cbb284/mmh3-5.2.1-cp314-cp314t-manylinux2014_aarch64.manylinux_2_17_aarch64.manylinux_2_28_aarch64.whl", hash = "sha256:22b0f9971ec4e07e8223f2beebe96a6cfc779d940b6f27d26604040dd74d3a44", size = 120386, upload-time = "2026-03-05T15:55:43.481Z" },
    { url = "https://files.pythonhosted.org/packages/47/cb/f9c45e62aaa67220179f487772461d891bb582bb2f9783c944832c60efd9/mmh3-5.2.1-cp314-cp314t-manylinux2014_ppc64le.manylinux_2_17_ppc64le.manylinux_2_28_ppc64le.whl", hash = "sha256:85ffc9920ffc39c5eee1e3ac9100c913a0973996fbad5111f939bbda49204bb7", size = 125924, upload-time = "2026-03-05T15:55:44.638Z" },
    { url = "https://files.pythonhosted.org/packages/a5/83/fe54a4a7c11bc9f623dfc1707decd034245602b076dfc1dcc771a4163170/mmh3-5.2.1-cp314-cp314t-manylinux2014_s390x.manylinux_2_17_s390x.manylinux_2_28_s390x.whl", hash = "sha256:7aec798c2b01aaa65a55f1124f3405804184373abb318a3091325aece235f67c", size = 135280, upload-time = "2026-03-05T15:55:45.866Z" },
    { url = "https://files.pythonhosted.org/packages/97/67/fe7e9e9c143daddd210cd22aef89cbc425d58ecf238d2b7d9eb0da974105/mmh3-5.2.1-cp314-cp314t-musllinux_1_2_aarch64.whl", hash = "sha256:55dbbd8ffbc40d1697d5e2d0375b08599dae8746b0b08dea05eee4ce81648fac", size = 110050, upload-time = "2026-03-05T15:55:47.074Z" },
    { url = "https://files.pythonhosted.org/packages/43/c4/6d4b09fcbef80794de447c9378e39eefc047156b290fa3dd2d5257ca8227/mmh3-5.2.1-cp314-cp314t-musllinux_1_2_i686.whl", hash = "sha256:6c85c38a279ca9295a69b9b088a2e48aa49737bb1b34e6a9dc6297c110e8d912", size = 111158, upload-time = "2026-03-05T15:55:48.239Z" },
    { url = "https://files.pythonhosted.org/packages/81/a6/ca51c864bdb30524beb055a6d8826db3906af0834ec8c41d097a6e8573d5/mmh3-5.2.1-cp314-cp314t-musllinux_1_2_ppc64le.whl", hash = "sha256:6290289fa5fb4c70fd7f72016e03633d60388185483ff3b162912c81205ae2cf", size = 116890, upload-time = "2026-03-05T15:55:49.405Z" },
    { url = "https://files.pythonhosted.org/packages/cc/04/5a1fe2e2ad843d03e89af25238cbc4f6840a8bb6c4329a98ab694c71deda/mmh3-5.2.1-cp314-cp314t-musllinux_1_2_s390x.whl", hash = "sha256:4fc6cd65dc4d2fdb2625e288939a3566e36127a84811a4913f02f3d5931da52d", size = 123121, upload-time = "2026-03-05T15:55:50.61Z" },
    { url = "https://files.pythonhosted.org/packages/af/4d/3c820c6f4897afd25905270a9f2330a23f77a207ea7356f7aadace7273c0/mmh3-5.2.1-cp314-cp314t-musllinux_1_2_x86_64.whl", hash = "sha256:623f938f6a039536cc02b7582a07a080f13fdfd48f87e63201d92d7e34d09a18", size = 110187, upload-time = "2026-03-05T15:55:52.143Z" },
    { url = "https://files.pythonhosted.org/packages/21/54/1d71cd143752361c0aebef16ad3f55926a6faf7b112d355745c1f8a25f7f/mmh3-5.2.1-cp314-cp314t-win32.whl", hash = "sha256:29bc3973676ae334412efdd367fcd11d036b7be3efc1ce2407ef8676dabfeb82", size = 41934, upload-time = "2026-03-05T15:55:53.564Z" },
    { url = "https://files.pythonhosted.org/packages/9d/e4/63a2a88f31d93dea03947cccc2a076946857e799ea4f7acdecbf43b324aa/mmh3-5.2.1-cp314-cp314t-win_amd64.whl", hash = "sha256:28cfab66577000b9505a0d068c731aee7ca85cd26d4d63881fab17857e0fe1fb", size = 43036, upload-time = "2026-03-05T15:55:55.252Z" },
    { url = "https://files.pythonhosted.org/packages/a0/0f/59204bf136d1201f8d7884cfbaf7498c5b4674e87a4c693f9bde63741ce1/mmh3-5.2.1-cp314-cp314t-win_arm64.whl", hash = "sha256:dfd51b4c56b673dfbc43d7d27ef857dd91124801e2806c69bb45585ce0fa019b", size = 40391, upload-time = "2026-03-05T15:55:56.697Z" },
]

[[package]]
name = "nodeenv"
version = "1.10.0"
source = { registry = "https://pypi.org/simple" }
sdist = { url = "https://files.pythonhosted.org/packages/24/bf/d1bda4f6168e0b2e9e5958945e01910052158313224ada5ce1fb2e1113b8/nodeenv-1.10.0.tar.gz", hash = "sha256:996c191ad80897d076bdfba80a41994c2b47c68e224c542b48feba42ba00f8bb", size = 55611, upload-time = "2025-12-20T14:08:54.006Z" }
wheels = [
    { url = "https://files.pythonhosted.org/packages/88/b2/d0896bdcdc8d28a7fc5717c305f1a861c26e18c05047949fb371034d98bd/nodeenv-1.10.0-py2.py3-none-any.whl", hash = "sha256:5bb13e3eed2923615535339b3c620e76779af4cb4c6a90deccc9e36b274d3827", size = 23438, upload-time = "2025-12-20T14:08:52.782Z" },
]

[[package]]
name = "nodejs-wheel-binaries"
version = "24.14.1"
source = { registry = "https://pypi.org/simple" }
sdist = { url = "https://files.pythonhosted.org/packages/f1/87/e5755ad739daafce2e152ab609293d65e6c663b399e28a4bbcd0f4af1f45/nodejs_wheel_binaries-24.14.1.tar.gz", hash = "sha256:d00ae0c86d7e1bfa798e8f8ad282db751af157cdcaa1208a1b9a2cf2a85ac821", size = 8056, upload-time = "2026-03-31T14:07:27Z" }
wheels = [
    { url = "https://files.pythonhosted.org/packages/8b/b7/9765d9a5d3b95475829ef5965d4a4f6f4badb034ee4e18c2d5f8b9b65d6f/nodejs_wheel_binaries-24.14.1-py2.py3-none-macosx_13_0_arm64.whl", hash = "sha256:d9e856ba0f2d3d2659869e6e0f4cae6874faeeeca7f879131a88451356373ac4", size = 54945603, upload-time = "2026-03-31T14:06:58.526Z" },
    { url = "https://files.pythonhosted.org/packages/6f/15/bc2fa51ee31ce597b2af1905081e5a5add07fe0cf619bfa531d7df2f1f1b/nodejs_wheel_binaries-24.14.1-py2.py3-none-macosx_13_0_x86_64.whl", hash = "sha256:634f57829ebfdfe95d096f32a50c5cdd3a6c72a94dcf2b92a8bef9868cccb13e", size = 55119951, upload-time = "2026-03-31T14:07:02.597Z" },
    { url = "https://files.pythonhosted.org/packages/a6/dd/92ff0831262af4bbb5473d4e7964fd27afb0901a2690a6ff7bc3d220d97f/nodejs_wheel_binaries-24.14.1-py2.py3-none-manylinux_2_28_aarch64.whl", hash = "sha256:404b563467129e6a0ea7006a38b3d8af0ebfbc340b31a6a0af2c59ea3af90b7c", size = 59487620, upload-time = "2026-03-31T14:07:06.198Z" },
    { url = "https://files.pythonhosted.org/packages/45/36/bbbee3adf6afd00944e5a86ebd64987dea90bd347090155a4989dc3e8594/nodejs_wheel_binaries-24.14.1-py2.py3-none-manylinux_2_28_x86_64.whl", hash = "sha256:7863c62f8a3946b727831f71375a9ae00205b3258478476034b49c3a1d57ac12", size = 59986044, upload-time = "2026-03-31T14:07:09.846Z" },
    { url = "https://files.pythonhosted.org/packages/05/16/119e4168bf7ed17ad7961d122701c75ac86135fa243a958b960a3f1b7055/nodejs_wheel_binaries-24.14.1-py2.py3-none-musllinux_1_2_aarch64.whl", hash = "sha256:a3f64daa1235fa6a83c778ded98d5fe4e74979ca54aa2ffb807f0805c57c3abe", size = 61489823, upload-time = "2026-03-31T14:07:13.378Z" },
    { url = "https://files.pythonhosted.org/packages/8c/a6/d581996827b9d1133094dc347f1c4e3d2a70557973ce7a427a03337b1427/nodejs_wheel_binaries-24.14.1-py2.py3-none-musllinux_1_2_x86_64.whl", hash = "sha256:810a48ce096925ead0690f7d143e48fb902ebfc9212097e8f6cb3ac6cbe8f314", size = 62069740, upload-time = "2026-03-31T14:07:17.006Z" },
    { url = "https://files.pythonhosted.org/packages/27/da/396d1a48cbf3d5899461bda12fa97ae4010d7e4013e7f28230cb04af5818/nodejs_wheel_binaries-24.14.1-py2.py3-none-win_amd64.whl", hash = "sha256:7a087b6a727fb9242d1cc83c8b121711bd0e9686408d27de48b34b23dfb26ac5", size = 41400067, upload-time = "2026-03-31T14:07:20.513Z" },
    { url = "https://files.pythonhosted.org/packages/13/b7/adb21cf549934579e98934531e7f9b038d583fc9c2dd4b82ea01cc31bdd2/nodejs_wheel_binaries-24.14.1-py2.py3-none-win_arm64.whl", hash = "sha256:978fdfe76624c48111ab99ed0f99f9d4c1c682e420b0212ac9e1daee52f20283", size = 39096873, upload-time = "2026-03-31T14:07:23.977Z" },
]

[[package]]
name = "polars"
version = "1.39.3"
source = { registry = "https://pypi.org/simple" }
dependencies = [
    { name = "polars-runtime-32" },
]
sdist = { url = "https://files.pythonhosted.org/packages/93/ab/f19e592fce9e000da49c96bf35e77cef67f9cb4b040bfa538a2764c0263e/polars-1.39.3.tar.gz", hash = "sha256:2e016c7f3e8d14fa777ef86fe0477cec6c67023a20ba4c94d6e8431eefe4a63c", size = 728987, upload-time = "2026-03-20T11:16:24.836Z" }
wheels = [
    { url = "https://files.pythonhosted.org/packages/b4/db/08f4ca10c5018813e7e0b59e4472302328b3d2ab1512f5a2157a814540e0/polars-1.39.3-py3-none-any.whl", hash = "sha256:c2b955ccc0a08a2bc9259785decf3d5c007b489b523bf2390cf21cec2bb82a56", size = 823985, upload-time = "2026-03-20T11:14:23.619Z" },
]

[[package]]
name = "polars-runtime-32"
version = "1.39.3"
source = { registry = "https://pypi.org/simple" }
sdist = { url = "https://files.pythonhosted.org/packages/17/39/c8688696bc22b6c501e3b82ef3be10e543c07a785af5660f30997cd22dd2/polars_runtime_32-1.39.3.tar.gz", hash = "sha256:c728e4f469cafab501947585f36311b8fb222d3e934c6209e83791e0df20b29d", size = 2872335, upload-time = "2026-03-20T11:16:26.581Z" }
wheels = [
    { url = "https://files.pythonhosted.org/packages/3b/74/1b41205f7368c9375ab1dea91178eaa20435fe3eff036390a53a7660b416/polars_runtime_32-1.39.3-cp310-abi3-macosx_10_12_x86_64.whl", hash = "sha256:425c0b220b573fa097b4042edff73114cc6d23432a21dfd2dc41adf329d7d2e9", size = 45273243, upload-time = "2026-03-20T11:14:26.691Z" },
    { url = "https://files.pythonhosted.org/packages/90/bf/297716b3095fe719be20fcf7af1d2b6ab069c38199bbace2469608a69b3a/polars_runtime_32-1.39.3-cp310-abi3-macosx_11_0_arm64.whl", hash = "sha256:ef5884711e3c617d7dc93519a7d038e242f5741cfe5fe9afd32d58845d86c562", size = 40842924, upload-time = "2026-03-20T11:14:31.154Z" },
    { url = "https://files.pythonhosted.org/packages/3d/3e/e65236d9d0d9babfa0ecba593413c06530fca60a8feb8f66243aa5dba92e/polars_runtime_32-1.39.3-cp310-abi3-manylinux_2_17_aarch64.manylinux2014_aarch64.whl", hash = "sha256:06b47f535eb1f97a9a1e5b0053ef50db3a4276e241178e37bbb1a38b1fa53b14", size = 43220650, upload-time = "2026-03-20T11:14:35.458Z" },
    { url = "https://files.pythonhosted.org/packages/b0/15/fc3e43f3fdf3f20b7dfb5abe871ab6162cf8fb4aeabf4cfad822d5dc4c79/polars_runtime_32-1.39.3-cp310-abi3-manylinux_2_17_x86_64.manylinux2014_x86_64.whl", hash = "sha256:8bc9e13dc1d2e828331f2fe8ccbc9757554dc4933a8d3e85e906b988178f95ed", size = 46877498, upload-time = "2026-03-20T11:14:40.14Z" },
    { url = "https://files.pythonhosted.org/packages/3c/81/bd5f895919e32c6ab0a7786cd0c0ca961cb03152c47c3645808b54383f31/polars_runtime_32-1.39.3-cp310-abi3-musllinux_1_2_aarch64.whl", hash = "sha256:363d49e3a3e638fc943e2b9887940300a7d06789930855a178a4727949259dc2", size = 43380176, upload-time = "2026-03-20T11:14:45.566Z" },
    { url = "https://files.pythonhosted.org/packages/7a/3e/c86433c3b5ec0315bdfc7640d0c15d41f1216c0103a0eab9a9b5147d6c4c/polars_runtime_32-1.39.3-cp310-abi3-musllinux_1_2_x86_64.whl", hash = "sha256:7c206bdcc7bc62ea038d6adea8e44b02f0e675e0191a54c810703b4895208ea4", size = 46485933, upload-time = "2026-03-20T11:14:51.155Z" },
    { url = "https://files.pythonhosted.org/packages/54/ce/200b310cf91f98e652eb6ea09fdb3a9718aa0293ebf113dce325797c8572/polars_runtime_32-1.39.3-cp310-abi3-win_amd64.whl", hash = "sha256:d66ca522517554a883446957539c40dc7b75eb0c2220357fb28bc8940d305339", size = 46995458, upload-time = "2026-03-20T11:14:56.074Z" },
    { url = "https://files.pythonhosted.org/packages/da/76/2d48927e0aa2abbdde08cbf4a2536883b73277d47fbeca95e952de86df34/polars_runtime_32-1.39.3-cp310-abi3-win_arm64.whl", hash = "sha256:f49f51461de63f13e5dd4eb080421c8f23f856945f3f8bd5b2b1f59da52c2860", size = 41857648, upload-time = "2026-03-20T11:15:01.142Z" },
]

[[package]]
name = "pyright"
version = "1.1.408"
source = { registry = "https://pypi.org/simple" }
dependencies = [
    { name = "nodeenv" },
    { name = "typing-extensions" },
]
sdist = { url = "https://files.pythonhosted.org/packages/74/b2/5db700e52554b8f025faa9c3c624c59f1f6c8841ba81ab97641b54322f16/pyright-1.1.408.tar.gz", hash = "sha256:f28f2321f96852fa50b5829ea492f6adb0e6954568d1caa3f3af3a5f555eb684", size = 4400578, upload-time = "2026-01-08T08:07:38.795Z" }
wheels = [
    { url = "https://files.pythonhosted.org/packages/0c/82/a2c93e32800940d9573fb28c346772a14778b84ba7524e691b324620ab89/pyright-1.1.408-py3-none-any.whl", hash = "sha256:090b32865f4fdb1e0e6cd82bf5618480d48eecd2eb2e70f960982a3d9a4c17c1", size = 6399144, upload-time = "2026-01-08T08:07:37.082Z" },
]

[[package]]
name = "ruff"
version = "0.15.8"
source = { registry = "https://pypi.org/simple" }
sdist = { url = "https://files.pythonhosted.org/packages/14/b0/73cf7550861e2b4824950b8b52eebdcc5adc792a00c514406556c5b80817/ruff-0.15.8.tar.gz", hash = "sha256:995f11f63597ee362130d1d5a327a87cb6f3f5eae3094c620bcc632329a4d26e", size = 4610921, upload-time = "2026-03-26T18:39:38.675Z" }
wheels = [
    { url = "https://files.pythonhosted.org/packages/4a/92/c445b0cd6da6e7ae51e954939cb69f97e008dbe750cfca89b8cedc081be7/ruff-0.15.8-py3-none-linux_armv6l.whl", hash = "sha256:cbe05adeba76d58162762d6b239c9056f1a15a55bd4b346cfd21e26cd6ad7bc7", size = 10527394, upload-time = "2026-03-26T18:39:41.566Z" },
    { url = "https://files.pythonhosted.org/packages/eb/92/f1c662784d149ad1414cae450b082cf736430c12ca78367f20f5ed569d65/ruff-0.15.8-py3-none-macosx_10_12_x86_64.whl", hash = "sha256:d3e3d0b6ba8dca1b7ef9ab80a28e840a20070c4b62e56d675c24f366ef330570", size = 10905693, upload-time = "2026-03-26T18:39:30.364Z" },
    { url = "https://files.pythonhosted.org/packages/ca/f2/7a631a8af6d88bcef997eb1bf87cc3da158294c57044aafd3e17030613de/ruff-0.15.8-py3-none-macosx_11_0_arm64.whl", hash = "sha256:6ee3ae5c65a42f273f126686353f2e08ff29927b7b7e203b711514370d500de3", size = 10323044, upload-time = "2026-03-26T18:39:33.37Z" },
    { url = "https://files.pythonhosted.org/packages/67/18/1bf38e20914a05e72ef3b9569b1d5c70a7ef26cd188d69e9ca8ef588d5bf/ruff-0.15.8-py3-none-manylinux_2_17_aarch64.manylinux2014_aarch64.whl", hash = "sha256:fdce027ada77baa448077ccc6ebb2fa9c3c62fd110d8659d601cf2f475858d94", size = 10629135, upload-time = "2026-03-26T18:39:44.142Z" },
    { url = "https://files.pythonhosted.org/packages/d2/e9/138c150ff9af60556121623d41aba18b7b57d95ac032e177b6a53789d279/ruff-0.15.8-py3-none-manylinux_2_17_armv7l.manylinux2014_armv7l.whl", hash = "sha256:12e617fc01a95e5821648a6df341d80456bd627bfab8a829f7cfc26a14a4b4a3", size = 10348041, upload-time = "2026-03-26T18:39:52.178Z" },
    { url = "https://files.pythonhosted.org/packages/02/f1/5bfb9298d9c323f842c5ddeb85f1f10ef51516ac7a34ba446c9347d898df/ruff-0.15.8-py3-none-manylinux_2_17_i686.manylinux2014_i686.whl", hash = "sha256:432701303b26416d22ba696c39f2c6f12499b89093b61360abc34bcc9bf07762", size = 11121987, upload-time = "2026-03-26T18:39:55.195Z" },
    { url = "https://files.pythonhosted.org/packages/10/11/6da2e538704e753c04e8d86b1fc55712fdbdcc266af1a1ece7a51fff0d10/ruff-0.15.8-py3-none-manylinux_2_17_ppc64le.manylinux2014_ppc64le.whl", hash = "sha256:d910ae974b7a06a33a057cb87d2a10792a3b2b3b35e33d2699fdf63ec8f6b17a", size = 11951057, upload-time = "2026-03-26T18:39:19.18Z" },
    { url = "https://files.pythonhosted.org/packages/83/f0/c9208c5fd5101bf87002fed774ff25a96eea313d305f1e5d5744698dc314/ruff-0.15.8-py3-none-manylinux_2_17_s390x.manylinux2014_s390x.whl", hash = "sha256:2033f963c43949d51e6fdccd3946633c6b37c484f5f98c3035f49c27395a8ab8", size = 11464613, upload-time = "2026-03-26T18:40:06.301Z" },
    { url = "https://files.pythonhosted.org/packages/f8/22/d7f2fabdba4fae9f3b570e5605d5eb4500dcb7b770d3217dca4428484b17/ruff-0.15.8-py3-none-manylinux_2_17_x86_64.manylinux2014_x86_64.whl", hash = "sha256:0f29b989a55572fb885b77464cf24af05500806ab4edf9a0fd8977f9759d85b1", size = 11257557, upload-time = "2026-03-26T18:39:57.972Z" },
    { url = "https://files.pythonhosted.org/packages/71/8c/382a9620038cf6906446b23ce8632ab8c0811b8f9d3e764f58bedd0c9a6f/ruff-0.15.8-py3-none-manylinux_2_31_riscv64.whl", hash = "sha256:ac51d486bf457cdc985a412fb1801b2dfd1bd8838372fc55de64b1510eff4bec", size = 11169440, upload-time = "2026-03-26T18:39:22.205Z" },
    { url = "https://files.pythonhosted.org/packages/4d/0d/0994c802a7eaaf99380085e4e40c845f8e32a562e20a38ec06174b52ef24/ruff-0.15.8-py3-none-musllinux_1_2_aarch64.whl", hash = "sha256:c9861eb959edab053c10ad62c278835ee69ca527b6dcd72b47d5c1e5648964f6", size = 10605963, upload-time = "2026-03-26T18:39:46.682Z" },
    { url = "https://files.pythonhosted.org/packages/19/aa/d624b86f5b0aad7cef6bbf9cd47a6a02dfdc4f72c92a337d724e39c9d14b/ruff-0.15.8-py3-none-musllinux_1_2_armv7l.whl", hash = "sha256:8d9a5b8ea13f26ae90838afc33f91b547e61b794865374f114f349e9036835fb", size = 10357484, upload-time = "2026-03-26T18:39:49.176Z" },
    { url = "https://files.pythonhosted.org/packages/35/c3/e0b7835d23001f7d999f3895c6b569927c4d39912286897f625736e1fd04/ruff-0.15.8-py3-none-musllinux_1_2_i686.whl", hash = "sha256:c2a33a529fb3cbc23a7124b5c6ff121e4d6228029cba374777bd7649cc8598b8", size = 10830426, upload-time = "2026-03-26T18:40:03.702Z" },
    { url = "https://files.pythonhosted.org/packages/f0/51/ab20b322f637b369383adc341d761eaaa0f0203d6b9a7421cd6e783d81b9/ruff-0.15.8-py3-none-musllinux_1_2_x86_64.whl", hash = "sha256:75e5cd06b1cf3f47a3996cfc999226b19aa92e7cce682dcd62f80d7035f98f49", size = 11345125, upload-time = "2026-03-26T18:39:27.799Z" },
    { url = "https://files.pythonhosted.org/packages/37/e6/90b2b33419f59d0f2c4c8a48a4b74b460709a557e8e0064cf33ad894f983/ruff-0.15.8-py3-none-win32.whl", hash = "sha256:bc1f0a51254ba21767bfa9a8b5013ca8149dcf38092e6a9eb704d876de94dc34", size = 10571959, upload-time = "2026-03-26T18:39:36.117Z" },
    { url = "https://files.pythonhosted.org/packages/1f/a2/ef467cb77099062317154c63f234b8a7baf7cb690b99af760c5b68b9ee7f/ruff-0.15.8-py3-none-win_amd64.whl", hash = "sha256:04f79eff02a72db209d47d665ba7ebcad609d8918a134f86cb13dd132159fc89", size = 11743893, upload-time = "2026-03-26T18:39:25.01Z" },
    { url = "https://files.pythonhosted.org/packages/15/e2/77be4fff062fa78d9b2a4dea85d14785dac5f1d0c1fb58ed52331f0ebe28/ruff-0.15.8-py3-none-win_arm64.whl", hash = "sha256:cf891fa8e3bb430c0e7fac93851a5978fc99c8fa2c053b57b118972866f8e5f2", size = 11048175, upload-time = "2026-03-26T18:40:01.06Z" },
]

[[package]]
name = "siphash24"
version = "1.8"
source = { registry = "https://pypi.org/simple" }
sdist = { url = "https://files.pythonhosted.org/packages/67/a2/e049b6fccf7a94bd1b2f68b3059a7d6a7aea86a808cac80cb9ae71ab6254/siphash24-1.8.tar.gz", hash = "sha256:aa932f0af4a7335caef772fdaf73a433a32580405c41eb17ff24077944b0aa97", size = 19946, upload-time = "2025-09-02T20:42:04.856Z" }
wheels = [
    { url = "https://files.pythonhosted.org/packages/99/79/2304b63f81eff30cd7f5680ddecda780ba7ea589323d17b1ac9fdfbe4f02/siphash24-1.8-cp314-cp314-macosx_10_13_x86_64.whl", hash = "sha256:157a7432009490ecfead6953e9fd88a5f1046baaf8b911611a7384b19793147c", size = 77285, upload-time = "2025-09-02T20:41:33.391Z" },
    { url = "https://files.pythonhosted.org/packages/5a/76/a4bb15d78547f4f4db7c21ad90883f2f52494bed1aa91bc96be476a4e7f5/siphash24-1.8-cp314-cp314-macosx_11_0_arm64.whl", hash = "sha256:c699eec6649427240d337c372f94737c19b2bc4e485294b49690f3029a37dd69", size = 74370, upload-time = "2025-09-02T20:41:34.9Z" },
    { url = "https://files.pythonhosted.org/packages/7e/4f/a8bb586952ac950a321e77be565fd99d50551366c8bf425572fd38ca05e0/siphash24-1.8-cp314-cp314-manylinux2014_aarch64.manylinux_2_17_aarch64.manylinux_2_28_aarch64.whl", hash = "sha256:ecae35dd5a6e479e65395e5994d5b6ffd5f87f3b60de69d16acd02b4126388c0", size = 98332, upload-time = "2025-09-02T20:41:36.113Z" },
    { url = "https://files.pythonhosted.org/packages/33/ae/68f6a4eda2d8022eb857d6fb090f5aa02ae837b2365187a433e76dcbb64b/siphash24-1.8-cp314-cp314-manylinux2014_x86_64.manylinux_2_17_x86_64.manylinux_2_28_x86_64.whl", hash = "sha256:22b68242352a771a25b0a7cffedd584bfa61bafb83262776f42989bc4e96fe84", size = 102403, upload-time = "2025-09-02T20:41:37.371Z" },
    { url = "https://files.pythonhosted.org/packages/b5/7a/f005da994a8cc2281f7bbae74dd27fed99e7ea162b12199ecd34b47d1a03/siphash24-1.8-cp314-cp314-win32.whl", hash = "sha256:b53c0ee8393c48e949f7f3b09fa8e3095e696b5c78824c966eb4aea2d338361b", size = 64615, upload-time = "2025-09-02T20:41:38.688Z" },
    { url = "https://files.pythonhosted.org/packages/ba/16/4d9f436c957830b0b10d311f81d9258bfb0f722de14dd467d0047e9e2c72/siphash24-1.8-cp314-cp314-win_amd64.whl", hash = "sha256:8e67b7ec7406dc9d4e0394d852889269d8f903f1bc6be2e25c2cde7e92059817", size = 77999, upload-time = "2025-09-02T20:41:39.856Z" },
    { url = "https://files.pythonhosted.org/packages/8a/e7/6fa559ff1d57f2c8d7e580ccd737018038d84a83c092feafc0b93f2649b8/siphash24-1.8-cp314-cp314t-macosx_10_13_x86_64.whl", hash = "sha256:00114928872ebc899aa4b8a765766de376705c48d0d5393edd3ea80006252d61", size = 80354, upload-time = "2025-09-02T20:41:41.401Z" },
    { url = "https://files.pythonhosted.org/packages/56/44/9b9c70e216ee5bd81a1c0fce06ba88ff876bc8699f0ce38f9e6591c705c0/siphash24-1.8-cp314-cp314t-macosx_11_0_arm64.whl", hash = "sha256:1c378442ce93b6f10d6b43c494b7ad630c5540051701288848f072f97e0778c6", size = 78829, upload-time = "2025-09-02T20:41:42.551Z" },
    { url = "https://files.pythonhosted.org/packages/ee/06/65c29cdedafa0952979aec2dc5491071546a8144f78940478fecc154e9d5/siphash24-1.8-cp314-cp314t-manylinux2014_aarch64.manylinux_2_17_aarch64.manylinux_2_28_aarch64.whl", hash = "sha256:a7807bd9160e7cd44cc4e0218bb2c779d55c449070080623547ace3519733841", size = 94470, upload-time = "2025-09-02T20:41:43.76Z" },
    { url = "https://files.pythonhosted.org/packages/37/03/824bc1efe762d20a7bb755e735d295b1cffa12902e1b39fc0ccea1bdc1f5/siphash24-1.8-cp314-cp314t-manylinux2014_x86_64.manylinux_2_17_x86_64.manylinux_2_28_x86_64.whl", hash = "sha256:7e0a46994e75d144c10df26db9298dda496de5d213dc97197080db479f0283c4", size = 97417, upload-time = "2025-09-02T20:41:45.182Z" },
    { url = "https://files.pythonhosted.org/packages/85/4d/99270aabeaf0a35313c31886624a314417bfa2f9cd9d7a8a890b22d91977/siphash24-1.8-cp314-cp314t-win32.whl", hash = "sha256:0b39834ffaeb69001021db0386fd949d8d0f869e0dbd9f2e1fa7a1107aa0f80a", size = 73456, upload-time = "2025-09-02T20:41:46.721Z" },
    { url = "https://files.pythonhosted.org/packages/cc/39/a77f16ae2af3f5cdc4de5de6aa37a23c8a66121b225819108ef818896c56/siphash24-1.8-cp314-cp314t-win_amd64.whl", hash = "sha256:32753439fe9faaaa19ef64eaee9e3e049cd90de2d04c9ff635d8f38c2130da54", size = 91094, upload-time = "2025-09-02T20:41:47.942Z" },
]

[[package]]
name = "stringzilla"
version = "4.6.0"
source = { registry = "https://pypi.org/simple" }
sdist = { url = "https://files.pythonhosted.org/packages/61/68/475518f6f4af8273ecd619a5d37d715d36908973f9970faf21571a296821/stringzilla-4.6.0.tar.gz", hash = "sha256:640c0fb5b6a2ad77b7721bff98f00a3c524ca60dc202f552e486831a751d4bbd", size = 646335, upload-time = "2025-12-26T23:44:43.956Z" }

[[package]]
name = "ty"
version = "0.0.27"
source = { registry = "https://pypi.org/simple" }
sdist = { url = "https://files.pythonhosted.org/packages/f4/de/e5cf1f151cf52fe1189e42d03d90909d7d1354fdc0c1847cbb63a0baa3da/ty-0.0.27.tar.gz", hash = "sha256:d7a8de3421d92420b40c94fe7e7d4816037560621903964dd035cf9bd0204a73", size = 5424130, upload-time = "2026-03-31T19:07:20.806Z" }
wheels = [
    { url = "https://files.pythonhosted.org/packages/fa/20/2a9ea661758bd67f2bfd54ce9daacb5a26c56c5f8b49fbd9a43b365a8a7d/ty-0.0.27-py3-none-linux_armv6l.whl", hash = "sha256:eb14456b8611c9e8287aa9b633f4d2a0d9f3082a31796969e0b50bdda8930281", size = 10571211, upload-time = "2026-03-31T19:07:23.28Z" },
    { url = "https://files.pythonhosted.org/packages/da/b2/8887a51f705d075ddbe78ae7f0d4755ef48d0a90235f67aee289e9cee950/ty-0.0.27-py3-none-macosx_10_12_x86_64.whl", hash = "sha256:02e662184703db7586118df611cf24a000d35dae38d950053d1dd7b6736fd2c4", size = 10427576, upload-time = "2026-03-31T19:07:15.499Z" },
    { url = "https://files.pythonhosted.org/packages/1d/c3/79d88163f508fb709ce19bc0b0a66c7c64b53d372d4caa56172c3d9b3ae8/ty-0.0.27-py3-none-macosx_11_0_arm64.whl", hash = "sha256:be5fc2899441f7f8f7ef40f9ffd006075a5ff6b06c44e8d2aa30e1b900c12f51", size = 9870359, upload-time = "2026-03-31T19:07:36.852Z" },
    { url = "https://files.pythonhosted.org/packages/dc/4d/ed1b0db0e1e46b5ed4976bbfe0d1825faf003b4e3774ef28c785ed73e4bb/ty-0.0.27-py3-none-manylinux_2_17_aarch64.manylinux2014_aarch64.whl", hash = "sha256:30231e652b14742a76b64755e54bf0cb1cd4c128bcaf625222e0ca92a2094887", size = 10380488, upload-time = "2026-03-31T19:07:31.268Z" },
    { url = "https://files.pythonhosted.org/packages/b1/f2/20372f6d510b01570028433064880adec2f8abe68bf0c4603be61a560bef/ty-0.0.27-py3-none-manylinux_2_17_armv7l.manylinux2014_armv7l.whl", hash = "sha256:5a119b1168f64261b3205a37e40b5b6c4aac8fd58e4587988f4e4b22c3c79847", size = 10390248, upload-time = "2026-03-31T19:07:28.345Z" },
    { url = "https://files.pythonhosted.org/packages/45/4b/46b31a7311306be1a560f7f20fdc37b5bf718787f60626cd265d9b637554/ty-0.0.27-py3-none-manylinux_2_17_i686.manylinux2014_i686.whl", hash = "sha256:e38f4e187b6975d2cbebf0f1eb1221f8f64f6e509bad14d7bb2a91afc97e4956", size = 10878479, upload-time = "2026-03-31T19:07:39.393Z" },
    { url = "https://files.pythonhosted.org/packages/42/ba/5231a2a1fb1cebe053a25de8fded95e1a30a1e77d3628a9e58487297bafc/ty-0.0.27-py3-none-manylinux_2_17_ppc64le.manylinux2014_ppc64le.whl", hash = "sha256:a07b1a8fbb23844f6d22091275430d9ac617175f34aa99159b268193de210389", size = 11461232, upload-time = "2026-03-31T19:07:02.518Z" },
    { url = "https://files.pythonhosted.org/packages/c3/37/558abab3e1f6670493524f61280b4dfcc3219555f13889223e733381dfab/ty-0.0.27-py3-none-manylinux_2_17_s390x.manylinux2014_s390x.whl", hash = "sha256:d3ec4033031f240836bb0337274bac5c49dde312c7c6d7575451ed719bf8ffa3", size = 11133002, upload-time = "2026-03-31T19:07:18.371Z" },
    { url = "https://files.pythonhosted.org/packages/32/38/188c14a57f52160407ce62c6abb556011718fd0bcbe1dca690529ce84c46/ty-0.0.27-py3-none-manylinux_2_17_x86_64.manylinux2014_x86_64.whl", hash = "sha256:924a8849afd500d260bf5b7296165a05b7424fbb6b19113f30f3b999d682873f", size = 10986624, upload-time = "2026-03-31T19:07:13.066Z" },
    { url = "https://files.pythonhosted.org/packages/9f/f1/667a71393f47d2cd6ba9ed07541b8df3eb63aab1f2ee658e77d91b8362fa/ty-0.0.27-py3-none-musllinux_1_2_aarch64.whl", hash = "sha256:d8270026c07e7423a1b3a3fd065b46ed1478748f0662518b523b57744f3fa025", size = 10366721, upload-time = "2026-03-31T19:07:00.131Z" },
    { url = "https://files.pythonhosted.org/packages/8b/aa/8edafe41be898bda774249abc5be6edd733e53fb1777d59ea9331e38537d/ty-0.0.27-py3-none-musllinux_1_2_armv7l.whl", hash = "sha256:e26e9735d3bdfd95d881111ad1cf570eab8188d8c3be36d6bcaad044d38984d8", size = 10412239, upload-time = "2026-03-31T19:07:05.297Z" },
    { url = "https://files.pythonhosted.org/packages/53/ff/8bafaed4a18d38264f46bdfc427de7ea2974cf9064e4e0bdb1b6e6c724e3/ty-0.0.27-py3-none-musllinux_1_2_i686.whl", hash = "sha256:7c09cc9a699810609acc0090af8d0db68adaee6e60a7c3e05ab80cc954a83db7", size = 10573507, upload-time = "2026-03-31T19:06:57.064Z" },
    { url = "https://files.pythonhosted.org/packages/16/2e/63a8284a2fefd08ab56ecbad0fde7dd4b2d4045a31cf24c1d1fcd9643227/ty-0.0.27-py3-none-musllinux_1_2_x86_64.whl", hash = "sha256:2d3e02853bb037221a456e034b1898aaa573e6374fbb53884e33cb7513ccb85a", size = 11090233, upload-time = "2026-03-31T19:07:34.139Z" },
    { url = "https://files.pythonhosted.org/packages/14/d3/d6fa1cafdfa2b34dbfa304fc6833af8e1669fc34e24d214fa76d2a2e5a25/ty-0.0.27-py3-none-win32.whl", hash = "sha256:34e7377f2047c14dbbb7bf5322e84114db7a5f2cb470db6bee63f8f3550cfc1e", size = 9984415, upload-time = "2026-03-31T19:07:07.98Z" },
    { url = "https://files.pythonhosted.org/packages/85/e6/dd4e27da9632b3472d5711ca49dbd3709dbd3e8c73f3af6db9c254235ca9/ty-0.0.27-py3-none-win_amd64.whl", hash = "sha256:3f7e4145aad8b815ed69b324c93b5b773eb864dda366ca16ab8693ff88ce6f36", size = 10961535, upload-time = "2026-03-31T19:07:10.566Z" },
    { url = "https://files.pythonhosted.org/packages/0e/1a/824b3496d66852ed7d5d68d9787711131552b68dce8835ce9410db32e618/ty-0.0.27-py3-none-win_arm64.whl", hash = "sha256:95bf8d01eb96bb2ba3ffc39faff19da595176448e80871a7b362f4d2de58476c", size = 10376689, upload-time = "2026-03-31T19:07:25.732Z" },
]

[[package]]
name = "typing-extensions"
version = "4.15.0"
source = { registry = "https://pypi.org/simple" }
sdist = { url = "https://files.pythonhosted.org/packages/72/94/1a15dd82efb362ac84269196e94cf00f187f7ed21c242792a923cdb1c61f/typing_extensions-4.15.0.tar.gz", hash = "sha256:0cea48d173cc12fa28ecabc3b837ea3cf6f38c6d1136f85cbaaf598984861466", size = 109391, upload-time = "2025-08-25T13:49:26.313Z" }
wheels = [
    { url = "https://files.pythonhosted.org/packages/18/67/36e9267722cc04a6b9f15c7f3441c2363321a3ea07da7ae0c0707beb2a9c/typing_extensions-4.15.0-py3-none-any.whl", hash = "sha256:f0fa19c6845758ab08074a0cfa8b7aecb71c999ca73d62883bc25cc018c4e548", size = 44614, upload-time = "2025-08-25T13:49:24.86Z" },
]

[[package]]
name = "xxhash"
version = "3.6.0"
source = { registry = "https://pypi.org/simple" }
sdist = { url = "https://files.pythonhosted.org/packages/02/84/30869e01909fb37a6cc7e18688ee8bf1e42d57e7e0777636bd47524c43c7/xxhash-3.6.0.tar.gz", hash = "sha256:f0162a78b13a0d7617b2845b90c763339d1f1d82bb04a4b07f4ab535cc5e05d6", size = 85160, upload-time = "2025-10-02T14:37:08.097Z" }
wheels = [
    { url = "https://files.pythonhosted.org/packages/7e/5e/0138bc4484ea9b897864d59fce9be9086030825bc778b76cb5a33a906d37/xxhash-3.6.0-cp314-cp314-macosx_10_13_x86_64.whl", hash = "sha256:a40a3d35b204b7cc7643cbcf8c9976d818cb47befcfac8bbefec8038ac363f3e", size = 32754, upload-time = "2025-10-02T14:35:38.245Z" },
    { url = "https://files.pythonhosted.org/packages/18/d7/5dac2eb2ec75fd771957a13e5dda560efb2176d5203f39502a5fc571f899/xxhash-3.6.0-cp314-cp314-macosx_11_0_arm64.whl", hash = "sha256:a54844be970d3fc22630b32d515e79a90d0a3ddb2644d8d7402e3c4c8da61405", size = 30846, upload-time = "2025-10-02T14:35:39.6Z" },
    { url = "https://files.pythonhosted.org/packages/fe/71/8bc5be2bb00deb5682e92e8da955ebe5fa982da13a69da5a40a4c8db12fb/xxhash-3.6.0-cp314-cp314-manylinux1_i686.manylinux_2_28_i686.manylinux_2_5_i686.whl", hash = "sha256:016e9190af8f0a4e3741343777710e3d5717427f175adfdc3e72508f59e2a7f3", size = 194343, upload-time = "2025-10-02T14:35:40.69Z" },
    { url = "https://files.pythonhosted.org/packages/e7/3b/52badfb2aecec2c377ddf1ae75f55db3ba2d321c5e164f14461c90837ef3/xxhash-3.6.0-cp314-cp314-manylinux2014_aarch64.manylinux_2_17_aarch64.manylinux_2_28_aarch64.whl", hash = "sha256:4f6f72232f849eb9d0141e2ebe2677ece15adfd0fa599bc058aad83c714bb2c6", size = 213074, upload-time = "2025-10-02T14:35:42.29Z" },
    { url = "https://files.pythonhosted.org/packages/a2/2b/ae46b4e9b92e537fa30d03dbc19cdae57ed407e9c26d163895e968e3de85/xxhash-3.6.0-cp314-cp314-manylinux2014_ppc64le.manylinux_2_17_ppc64le.manylinux_2_28_ppc64le.whl", hash = "sha256:63275a8aba7865e44b1813d2177e0f5ea7eadad3dd063a21f7cf9afdc7054063", size = 212388, upload-time = "2025-10-02T14:35:43.929Z" },
    { url = "https://files.pythonhosted.org/packages/f5/80/49f88d3afc724b4ac7fbd664c8452d6db51b49915be48c6982659e0e7942/xxhash-3.6.0-cp314-cp314-manylinux2014_s390x.manylinux_2_17_s390x.manylinux_2_28_s390x.whl", hash = "sha256:3cd01fa2aa00d8b017c97eb46b9a794fbdca53fc14f845f5a328c71254b0abb7", size = 445614, upload-time = "2025-10-02T14:35:45.216Z" },
    { url = "https://files.pythonhosted.org/packages/ed/ba/603ce3961e339413543d8cd44f21f2c80e2a7c5cfe692a7b1f2cccf58f3c/xxhash-3.6.0-cp314-cp314-manylinux2014_x86_64.manylinux_2_17_x86_64.manylinux_2_28_x86_64.whl", hash = "sha256:0226aa89035b62b6a86d3c68df4d7c1f47a342b8683da2b60cedcddb46c4d95b", size = 194024, upload-time = "2025-10-02T14:35:46.959Z" },
    { url = "https://files.pythonhosted.org/packages/78/d1/8e225ff7113bf81545cfdcd79eef124a7b7064a0bba53605ff39590b95c2/xxhash-3.6.0-cp314-cp314-musllinux_1_2_aarch64.whl", hash = "sha256:c6e193e9f56e4ca4923c61238cdaced324f0feac782544eb4c6d55ad5cc99ddd", size = 210541, upload-time = "2025-10-02T14:35:48.301Z" },
    { url = "https://files.pythonhosted.org/packages/6f/58/0f89d149f0bad89def1a8dd38feb50ccdeb643d9797ec84707091d4cb494/xxhash-3.6.0-cp314-cp314-musllinux_1_2_i686.whl", hash = "sha256:9176dcaddf4ca963d4deb93866d739a343c01c969231dbe21680e13a5d1a5bf0", size = 198305, upload-time = "2025-10-02T14:35:49.584Z" },
    { url = "https://files.pythonhosted.org/packages/11/38/5eab81580703c4df93feb5f32ff8fa7fe1e2c51c1f183ee4e48d4bb9d3d7/xxhash-3.6.0-cp314-cp314-musllinux_1_2_ppc64le.whl", hash = "sha256:c1ce4009c97a752e682b897aa99aef84191077a9433eb237774689f14f8ec152", size = 210848, upload-time = "2025-10-02T14:35:50.877Z" },
    { url = "https://files.pythonhosted.org/packages/5e/6b/953dc4b05c3ce678abca756416e4c130d2382f877a9c30a20d08ee6a77c0/xxhash-3.6.0-cp314-cp314-musllinux_1_2_s390x.whl", hash = "sha256:8cb2f4f679b01513b7adbb9b1b2f0f9cdc31b70007eaf9d59d0878809f385b11", size = 414142, upload-time = "2025-10-02T14:35:52.15Z" },
    { url = "https://files.pythonhosted.org/packages/08/a9/238ec0d4e81a10eb5026d4a6972677cbc898ba6c8b9dbaec12ae001b1b35/xxhash-3.6.0-cp314-cp314-musllinux_1_2_x86_64.whl", hash = "sha256:653a91d7c2ab54a92c19ccf43508b6a555440b9be1bc8be553376778be7f20b5", size = 191547, upload-time = "2025-10-02T14:35:53.547Z" },
    { url = "https://files.pythonhosted.org/packages/f1/ee/3cf8589e06c2164ac77c3bf0aa127012801128f1feebf2a079272da5737c/xxhash-3.6.0-cp314-cp314-win32.whl", hash = "sha256:a756fe893389483ee8c394d06b5ab765d96e68fbbfe6fde7aa17e11f5720559f", size = 31214, upload-time = "2025-10-02T14:35:54.746Z" },
    { url = "https://files.pythonhosted.org/packages/02/5d/a19552fbc6ad4cb54ff953c3908bbc095f4a921bc569433d791f755186f1/xxhash-3.6.0-cp314-cp314-win_amd64.whl", hash = "sha256:39be8e4e142550ef69629c9cd71b88c90e9a5db703fecbcf265546d9536ca4ad", size = 32290, upload-time = "2025-10-02T14:35:55.791Z" },
    { url = "https://files.pythonhosted.org/packages/b1/11/dafa0643bc30442c887b55baf8e73353a344ee89c1901b5a5c54a6c17d39/xxhash-3.6.0-cp314-cp314-win_arm64.whl", hash = "sha256:25915e6000338999236f1eb68a02a32c3275ac338628a7eaa5a269c401995679", size = 28795, upload-time = "2025-10-02T14:35:57.162Z" },
    { url = "https://files.pythonhosted.org/packages/2c/db/0e99732ed7f64182aef4a6fb145e1a295558deec2a746265dcdec12d191e/xxhash-3.6.0-cp314-cp314t-macosx_10_13_x86_64.whl", hash = "sha256:c5294f596a9017ca5a3e3f8884c00b91ab2ad2933cf288f4923c3fd4346cf3d4", size = 32955, upload-time = "2025-10-02T14:35:58.267Z" },
    { url = "https://files.pythonhosted.org/packages/55/f4/2a7c3c68e564a099becfa44bb3d398810cc0ff6749b0d3cb8ccb93f23c14/xxhash-3.6.0-cp314-cp314t-macosx_11_0_arm64.whl", hash = "sha256:1cf9dcc4ab9cff01dfbba78544297a3a01dafd60f3bde4e2bfd016cf7e4ddc67", size = 31072, upload-time = "2025-10-02T14:35:59.382Z" },
    { url = "https://files.pythonhosted.org/packages/c6/d9/72a29cddc7250e8a5819dad5d466facb5dc4c802ce120645630149127e73/xxhash-3.6.0-cp314-cp314t-manylinux1_i686.manylinux_2_28_i686.manylinux_2_5_i686.whl", hash = "sha256:01262da8798422d0685f7cef03b2bd3f4f46511b02830861df548d7def4402ad", size = 196579, upload-time = "2025-10-02T14:36:00.838Z" },
    { url = "https://files.pythonhosted.org/packages/63/93/b21590e1e381040e2ca305a884d89e1c345b347404f7780f07f2cdd47ef4/xxhash-3.6.0-cp314-cp314t-manylinux2014_aarch64.manylinux_2_17_aarch64.manylinux_2_28_aarch64.whl", hash = "sha256:51a73fb7cb3a3ead9f7a8b583ffd9b8038e277cdb8cb87cf890e88b3456afa0b", size = 215854, upload-time = "2025-10-02T14:36:02.207Z" },
    { url = "https://files.pythonhosted.org/packages/ce/b8/edab8a7d4fa14e924b29be877d54155dcbd8b80be85ea00d2be3413a9ed4/xxhash-3.6.0-cp314-cp314t-manylinux2014_ppc64le.manylinux_2_17_ppc64le.manylinux_2_28_ppc64le.whl", hash = "sha256:b9c6df83594f7df8f7f708ce5ebeacfc69f72c9fbaaababf6cf4758eaada0c9b", size = 214965, upload-time = "2025-10-02T14:36:03.507Z" },
    { url = "https://files.pythonhosted.org/packages/27/67/dfa980ac7f0d509d54ea0d5a486d2bb4b80c3f1bb22b66e6a05d3efaf6c0/xxhash-3.6.0-cp314-cp314t-manylinux2014_s390x.manylinux_2_17_s390x.manylinux_2_28_s390x.whl", hash = "sha256:627f0af069b0ea56f312fd5189001c24578868643203bca1abbc2c52d3a6f3ca", size = 448484, upload-time = "2025-10-02T14:36:04.828Z" },
    { url = "https://files.pythonhosted.org/packages/8c/63/8ffc2cc97e811c0ca5d00ab36604b3ea6f4254f20b7bc658ca825ce6c954/xxhash-3.6.0-cp314-cp314t-manylinux2014_x86_64.manylinux_2_17_x86_64.manylinux_2_28_x86_64.whl", hash = "sha256:aa912c62f842dfd013c5f21a642c9c10cd9f4c4e943e0af83618b4a404d9091a", size = 196162, upload-time = "2025-10-02T14:36:06.182Z" },
    { url = "https://files.pythonhosted.org/packages/4b/77/07f0e7a3edd11a6097e990f6e5b815b6592459cb16dae990d967693e6ea9/xxhash-3.6.0-cp314-cp314t-musllinux_1_2_aarch64.whl", hash = "sha256:b465afd7909db30168ab62afe40b2fcf79eedc0b89a6c0ab3123515dc0df8b99", size = 213007, upload-time = "2025-10-02T14:36:07.733Z" },
    { url = "https://files.pythonhosted.org/packages/ae/d8/bc5fa0d152837117eb0bef6f83f956c509332ce133c91c63ce07ee7c4873/xxhash-3.6.0-cp314-cp314t-musllinux_1_2_i686.whl", hash = "sha256:a881851cf38b0a70e7c4d3ce81fc7afd86fbc2a024f4cfb2a97cf49ce04b75d3", size = 200956, upload-time = "2025-10-02T14:36:09.106Z" },
    { url = "https://files.pythonhosted.org/packages/26/a5/d749334130de9411783873e9b98ecc46688dad5db64ca6e04b02acc8b473/xxhash-3.6.0-cp314-cp314t-musllinux_1_2_ppc64le.whl", hash = "sha256:9b3222c686a919a0f3253cfc12bb118b8b103506612253b5baeaac10d8027cf6", size = 213401, upload-time = "2025-10-02T14:36:10.585Z" },
    { url = "https://files.pythonhosted.org/packages/89/72/abed959c956a4bfc72b58c0384bb7940663c678127538634d896b1195c10/xxhash-3.6.0-cp314-cp314t-musllinux_1_2_s390x.whl", hash = "sha256:c5aa639bc113e9286137cec8fadc20e9cd732b2cc385c0b7fa673b84fc1f2a93", size = 417083, upload-time = "2025-10-02T14:36:12.276Z" },
    { url = "https://files.pythonhosted.org/packages/0c/b3/62fd2b586283b7d7d665fb98e266decadf31f058f1cf6c478741f68af0cb/xxhash-3.6.0-cp314-cp314t-musllinux_1_2_x86_64.whl", hash = "sha256:5c1343d49ac102799905e115aee590183c3921d475356cb24b4de29a4bc56518", size = 193913, upload-time = "2025-10-02T14:36:14.025Z" },
    { url = "https://files.pythonhosted.org/packages/9a/9a/c19c42c5b3f5a4aad748a6d5b4f23df3bed7ee5445accc65a0fb3ff03953/xxhash-3.6.0-cp314-cp314t-win32.whl", hash = "sha256:5851f033c3030dd95c086b4a36a2683c2ff4a799b23af60977188b057e467119", size = 31586, upload-time = "2025-10-02T14:36:15.603Z" },
    { url = "https://files.pythonhosted.org/packages/03/d6/4cc450345be9924fd5dc8c590ceda1db5b43a0a889587b0ae81a95511360/xxhash-3.6.0-cp314-cp314t-win_amd64.whl", hash = "sha256:0444e7967dac37569052d2409b00a8860c2135cff05502df4da80267d384849f", size = 32526, upload-time = "2025-10-02T14:36:16.708Z" },
    { url = "https://files.pythonhosted.org/packages/0f/c9/7243eb3f9eaabd1a88a5a5acadf06df2d83b100c62684b7425c6a11bcaa8/xxhash-3.6.0-cp314-cp314t-win_arm64.whl", hash = "sha256:bb79b1e63f6fd84ec778a4b1916dfe0a7c3fdb986c06addd5db3a0d413819d95", size = 28898, upload-time = "2025-10-02T14:36:17.843Z" },
]
